// !$*UTF8*$!
{
	archiveVersion = 1;
	classes = {
	};
	objectVersion = 54;
	objects = {

/* Begin PBXBuildFile section */
		733F4BEB08E6D90BAD6736B3 /* libnano2d.dylib in CopyFiles */ = {isa = PBXBuildFile; fileRef = 8043E23A8E7EDFE5991A5372 /* libnano2d.dylib */; settings = {ATTRIBUTES = (CodeSignOnCopy, ); }; };
		7F57B79E254118D7E29EE798 /* InfoPlist.strings in Resources */ = {isa = PBXBuildFile; fileRef = 12B70A52E8FA6DA84FFC1118 /* InfoPlist.strings */; };
		5384BFD3DB0ADC102D5250D7 /* libcore_graphics.dylib in Frameworks */ = {isa = PBXBuildFile; fileRef = 264ABE9D6358883B027E709D /* libcore_graphics.dylib */; };
		0AD96115AE2531B4BFACD4A0 /* libcore_foundation.dylib in Frameworks */ = {isa = PBXBuildFile; fileRef = D3369AB46FD60F6C1BF5E609 /* libcore_foundation.dylib */; };
		EEF73523D9EF98C41F1C0D28 /* libappkit.dylib in Frameworks */ = {isa = PBXBuildFile; fileRef = 36F50C7EF06E01F4795481F5 /* libappkit.dylib */; };
		E8991F5B1773FD7ECC58D8EB /* libacme.dylib in CopyFiles */ = {isa = PBXBuildFile; fileRef = CB77690D6BA8785702F4D27F /* libacme.dylib */; settings = {ATTRIBUTES = (CodeSignOnCopy, ); }; };
		F88655FA7DC9B5D689F290BA /* libacme_apple.dylib in CopyFiles */ = {isa = PBXBuildFile; fileRef = E4F0A68445A8A44672D31601 /* libacme_apple.dylib */; settings = {ATTRIBUTES = (CodeSignOnCopy, ); }; };
		8AD7AD40D12C5BF87E16859E /* libacme_darwin.dylib in CopyFiles */ = {isa = PBXBuildFile; fileRef = FA7C917AED9861EE5DA174BC /* libacme_darwin.dylib */; settings = {ATTRIBUTES = (CodeSignOnCopy, ); }; };
		20943A55590C3934A68E4615 /* libacme_macos.dylib in CopyFiles */ = {isa = PBXBuildFile; fileRef = F3900D600D4209116F425169 /* libacme_macos.dylib */; settings = {ATTRIBUTES = (CodeSignOnCopy, ); }; };
		E449BF4B96EAAA3F6865A76C /* libacme_posix.dylib in CopyFiles */ = {isa = PBXBuildFile; fileRef = F786B34BE95507F6FD3C9EEE /* libacme_posix.dylib */; settings = {ATTRIBUTES = (CodeSignOnCopy, ); }; };
		B3357F167B1826E76112ADFE /* libacme_windowing_appkit.dylib in CopyFiles */ = {isa = PBXBuildFile; fileRef = 8978BF5F139F9E03D414BBA6 /* libacme_windowing_appkit.dylib */; settings = {ATTRIBUTES = (CodeSignOnCopy, ); }; };
		4451496CC9EF810712544437 /* libacme_windowing_kit.dylib in CopyFiles */ = {isa = PBXBuildFile; fileRef = 6535048A24A2D6D8C2EDFBFB /* libacme_windowing_kit.dylib */; settings = {ATTRIBUTES = (CodeSignOnCopy, ); }; };
		54B6118558FC8E351E86C421 /* libapex.dylib in CopyFiles */ = {isa = PBXBuildFile; fileRef = 249380E18107B6FB8A279783 /* libapex.dylib */; settings = {ATTRIBUTES = (CodeSignOnCopy, ); }; };
		DF08768F72EACF345E2C179A /* libapex_apple.dylib in CopyFiles */ = {isa = PBXBuildFile; fileRef = 949C9487885B2D3AAEEB588C /* libapex_apple.dylib */; settings = {ATTRIBUTES = (CodeSignOnCopy, ); }; };
		D8040D4E025222C6BDCF3C38 /* libapex_darwin.dylib in CopyFiles */ = {isa = PBXBuildFile; fileRef = A3F12689E2D10A0CB3DBD7D0 /* libapex_darwin.dylib */; settings = {ATTRIBUTES = (CodeSignOnCopy, ); }; };
		1E48D56F75287473E5418195 /* libapex_macos.dylib in CopyFiles */ = {isa = PBXBuildFile; fileRef = B0C4AF490BC9834CA0ABB025 /* libapex_macos.dylib */; settings = {ATTRIBUTES = (CodeSignOnCopy, ); }; };
		AE79F65A12CED70B7EA637F4 /* libapex_posix.dylib in CopyFiles */ = {isa = PBXBuildFile; fileRef = CB8B32F89A094A0ACCB61467 /* libapex_posix.dylib */; settings = {ATTRIBUTES = (CodeSignOnCopy, ); }; };
		C08DF71F53482F34B1A5446B /* libapp_complex_drawing.dylib in CopyFiles */ = {isa = PBXBuildFile; fileRef = 3455984C1329237DB529B748 /* libapp_complex_drawing.dylib */; settings = {ATTRIBUTES = (CodeSignOnCopy, ); }; };
		FC3B3D9833E8B80244F32CE1 /* libapp_simple_drawing.dylib in CopyFiles */ = {isa = PBXBuildFile; fileRef = BC6890ED9D126BC8C3AEC137 /* libapp_simple_drawing.dylib */; settings = {ATTRIBUTES = (CodeSignOnCopy, ); }; };
		3BB08FE5EAD61C4DBFBC0308 /* libaqua.dylib in CopyFiles */ = {isa = PBXBuildFile; fileRef = 0A29C3EEC58CF3671D4FE4A4 /* libaqua.dylib */; settings = {ATTRIBUTES = (CodeSignOnCopy, ); }; };
		DA22197578A542440010CB3B /* libarchive.dylib in CopyFiles */ = {isa = PBXBuildFile; fileRef = A135F1AA6F4BEB254B2DEEFA /* libarchive.dylib */; settings = {ATTRIBUTES = (CodeSignOnCopy, ); }; };
		37901A1DA4B65E801CE099D3 /* libaura.dylib in CopyFiles */ = {isa = PBXBuildFile; fileRef = F3A81FEC1E0B61189602EE2A /* libaura.dylib */; settings = {ATTRIBUTES = (CodeSignOnCopy, ); }; };
		3A18D927976C434730956340 /* libaura_apple.dylib in CopyFiles */ = {isa = PBXBuildFile; fileRef = C0CF6290A745317FBEFAE0AA /* libaura_apple.dylib */; settings = {ATTRIBUTES = (CodeSignOnCopy, ); }; };
		83AEACED8B7DD60D25063FD9 /* libaura_darwin.dylib in CopyFiles */ = {isa = PBXBuildFile; fileRef = 49C2039975830B6F8941BE54 /* libaura_darwin.dylib */; settings = {ATTRIBUTES = (CodeSignOnCopy, ); }; };
		788BE8A2C8898782C16117F0 /* libaura_macos.dylib in CopyFiles */ = {isa = PBXBuildFile; fileRef = FF7F8B93BD97AF204726A5E8 /* libaura_macos.dylib */; settings = {ATTRIBUTES = (CodeSignOnCopy, ); }; };
		12C9C147EF7E190E9AA7AE7A /* libaura_posix.dylib in CopyFiles */ = {isa = PBXBuildFile; fileRef = D89FA9833B69805CA64BEBC5 /* libaura_posix.dylib */; settings = {ATTRIBUTES = (CodeSignOnCopy, ); }; };
		94878735EC8CC87C08B44AE6 /* libaxis.dylib in CopyFiles */ = {isa = PBXBuildFile; fileRef = 6F2B337360762CF4B9DE845E /* libaxis.dylib */; settings = {ATTRIBUTES = (CodeSignOnCopy, ); }; };
		4CF46845B52DF096BDDC540B /* libberg.dylib in CopyFiles */ = {isa = PBXBuildFile; fileRef = C4714EC86CBBC61115250C87 /* libberg.dylib */; settings = {ATTRIBUTES = (CodeSignOnCopy, ); }; };
		4321FA5D7075659A79FBE738 /* libbred.dylib in CopyFiles */ = {isa = PBXBuildFile; fileRef = A4FEACF69FAC6A297E3E8C22 /* libbred.dylib */; settings = {ATTRIBUTES = (CodeSignOnCopy, ); }; };
		208006A6E093DDA7E0350F5B /* libcore.dylib in CopyFiles */ = {isa = PBXBuildFile; fileRef = E3DC476026A75FCD8B283F36 /* libcore.dylib */; settings = {ATTRIBUTES = (CodeSignOnCopy, ); }; };
		4AA30DC3E1DCF0775477DFBD /* libcrypto.dylib in CopyFiles */ = {isa = PBXBuildFile; fileRef = 80639E7BF697054C972D06DB /* libcrypto.dylib */; settings = {ATTRIBUTES = (CodeSignOnCopy, ); }; };
		8C0EE31024CBB941884ABB1D /* libcrypto_openssl.dylib in CopyFiles */ = {isa = PBXBuildFile; fileRef = 0931FAD4B38EDED46CFA6B07 /* libcrypto_openssl.dylib */; settings = {ATTRIBUTES = (CodeSignOnCopy, ); }; };
		013DD1799880208617DCBFC3 /* libdarwin.dylib in CopyFiles */ = {isa = PBXBuildFile; fileRef = 357D631D0597E57684DC12A7 /* libdarwin.dylib */; settings = {ATTRIBUTES = (CodeSignOnCopy, ); }; };
		446ADD54306A8000FCE21D1C /* libdatabase_sqlite3.dylib in CopyFiles */ = {isa = PBXBuildFile; fileRef = F50944559B019163BB5A1FC0 /* libdatabase_sqlite3.dylib */; settings = {ATTRIBUTES = (CodeSignOnCopy, ); }; };
		A46A6CEFF0650FDBC64C4565 /* libdraw2d_quartz2d.dylib in CopyFiles */ = {isa = PBXBuildFile; fileRef = 9B2B1AA96F0485E6772372B2 /* libdraw2d_quartz2d.dylib */; settings = {ATTRIBUTES = (CodeSignOnCopy, ); }; };
		5223E2F9A1EFB62EC9E42E21 /* libexperience_core.dylib in CopyFiles */ = {isa = PBXBuildFile; fileRef = C8C0D2C4D9CB8971D9AE389F /* libexperience_core.dylib */; settings = {ATTRIBUTES = (CodeSignOnCopy, ); }; };
		1B988F551AB943937DA5E36F /* libfolder_zip.dylib in CopyFiles */ = {isa = PBXBuildFile; fileRef = 2C3E2F64132CD1B8B4FF84C9 /* libfolder_zip.dylib */; settings = {ATTRIBUTES = (CodeSignOnCopy, ); }; };
		8458DDDABA3B96EE0567C26F /* libidn.dylib in CopyFiles */ = {isa = PBXBuildFile; fileRef = 412B465E3F0765CED7D33B91 /* libidn.dylib */; settings = {ATTRIBUTES = (CodeSignOnCopy, ); }; };
		23652B6E7BB79FC3C3B7F5A1 /* libimaging_coreimage.dylib in CopyFiles */ = {isa = PBXBuildFile; fileRef = C9026D11D8B71EE47D19A3D8 /* libimaging_coreimage.dylib */; settings = {ATTRIBUTES = (CodeSignOnCopy, ); }; };
		8C50AD54CE2E56404C727194 /* libinnate_ui_appkit.dylib in CopyFiles */ = {isa = PBXBuildFile; fileRef = A8EDCB2E38466569A6A689DB /* libinnate_ui_appkit.dylib */; settings = {ATTRIBUTES = (CodeSignOnCopy, ); }; };
		6514F358AB0E7332B9F74B87 /* libnano_graphics_quartz2d.dylib in CopyFiles */ = {isa = PBXBuildFile; fileRef = 3AB1627C631CC1CB5447B8E1 /* libnano_graphics_quartz2d.dylib */; settings = {ATTRIBUTES = (CodeSignOnCopy, ); }; };
		86EAD85844A5452B37AB6268 /* libnetworking_bsd.dylib in CopyFiles */ = {isa = PBXBuildFile; fileRef = 9010A577FE054B86B200828F /* libnetworking_bsd.dylib */; settings = {ATTRIBUTES = (CodeSignOnCopy, ); }; };
		947482BA25E5AEF9E8BB315C /* libnode_macos.dylib in CopyFiles */ = {isa = PBXBuildFile; fileRef = 9A6AB431F9C4A4455E6AEE49 /* libnode_macos.dylib */; settings = {ATTRIBUTES = (CodeSignOnCopy, ); }; };
		22DB0DDE1A9B455EA9BBCC56 /* liboperating_ambient_macos.dylib in CopyFiles */ = {isa = PBXBuildFile; fileRef = A463E7F2A779B3A4F45F038C /* liboperating_ambient_macos.dylib */; settings = {ATTRIBUTES = (CodeSignOnCopy, ); }; };
		CAAFEE54E7525516E309CE1A /* libssl.dylib in CopyFiles */ = {isa = PBXBuildFile; fileRef = 3CE7B040A5AE9F9A530ED0AA /* libssl.dylib */; settings = {ATTRIBUTES = (CodeSignOnCopy, ); }; };
		CE64BDE5136CCAE85514465A /* libunac.dylib in CopyFiles */ = {isa = PBXBuildFile; fileRef = 94351861021FE2F4E62CEDC6 /* libunac.dylib */; settings = {ATTRIBUTES = (CodeSignOnCopy, ); }; };
		EFB239749DC6205E1F06FB3A /* libwindowing_macos.dylib in CopyFiles */ = {isa = PBXBuildFile; fileRef = AD5DF9BB7BAC74FB6DF26D21 /* libwindowing_macos.dylib */; settings = {ATTRIBUTES = (CodeSignOnCopy, ); }; };
		3DE7725C6D09AE35F4DEAC68 /* libwrite_text_quartz2d.dylib in CopyFiles */ = {isa = PBXBuildFile; fileRef = 506B148DEC0DBB242AE99A20 /* libwrite_text_quartz2d.dylib */; settings = {ATTRIBUTES = (CodeSignOnCopy, ); }; };
		FA3E1AEDA633B6CB803AA23F /* libacme.dylib in Frameworks */ = {isa = PBXBuildFile; fileRef = CB77690D6BA8785702F4D27F /* libacme.dylib */; };
		C204B569D6FA723A2264E39E /* libcore.dylib in Frameworks */ = {isa = PBXBuildFile; fileRef = E3DC476026A75FCD8B283F36 /* libcore.dylib */; };
		D0BB76D8E97214C65D01E6B5 /* libapp_complex_drawing.dylib in Frameworks */ = {isa = PBXBuildFile; fileRef = 3455984C1329237DB529B748 /* libapp_complex_drawing.dylib */; };
		33BE551B25CCE429CC31C35B /* libappkit.dylib in CopyFiles */ = {isa = PBXBuildFile; fileRef = 36F50C7EF06E01F4795481F5 /* libappkit.dylib */; settings = {ATTRIBUTES = (CodeSignOnCopy, ); }; };
		6BE39A3FDFB1F3EE16B4E38D /* libcore_foundation.dylib in CopyFiles */ = {isa = PBXBuildFile; fileRef = D3369AB46FD60F6C1BF5E609 /* libcore_foundation.dylib */; settings = {ATTRIBUTES = (CodeSignOnCopy, ); }; };
		2D425FAA19738364695F2ACE /* libcore_graphics.dylib in CopyFiles */ = {isa = PBXBuildFile; fileRef = 264ABE9D6358883B027E709D /* libcore_graphics.dylib */; settings = {ATTRIBUTES = (CodeSignOnCopy, ); }; };
		C5F7175A43FB798F96D59481 /* Images.xcassets in Resources */ = {isa = PBXBuildFile; fileRef = CA86EF2A247AEB97CBACA1D8 /* Images.xcassets */; };
		7415E0CC4CD342F18F872F15 /* _matter.zip in Resources */ = {isa = PBXBuildFile; fileRef = 41DDE89899B9174ADB0EA740 /* _matter.zip */; };
		0E4D02AC108AF3058C199BF6 /* libnano_idn_libidn.dylib in CopyFiles */ = {isa = PBXBuildFile; fileRef = 24B545E21B4EA769DBF2648E /* libnano_idn_libidn.dylib */; settings = {ATTRIBUTES = (CodeSignOnCopy, ); }; };
		85661B0396FC4F0A43209901 /* main.cpp in Sources */ = {isa = PBXBuildFile; fileRef = 306F0F6FFADB5B8E83028B2C /* main.cpp */; };
/* End PBXBuildFile section */

/* Begin PBXCopyFilesBuildPhase section */
		604E3B26AD566D721FD839FB /* CopyFiles */ = {
			isa = PBXCopyFilesBuildPhase;
			buildActionMask = 2147483647;
			dstPath = "";
			dstSubfolderSpec = 6;
			files = (
				0E4D02AC108AF3058C199BF6 /* libnano_idn_libidn.dylib in CopyFiles */,
				F88655FA7DC9B5D689F290BA /* libacme_apple.dylib in CopyFiles */,
				8AD7AD40D12C5BF87E16859E /* libacme_darwin.dylib in CopyFiles */,
				20943A55590C3934A68E4615 /* libacme_macos.dylib in CopyFiles */,
				733F4BEB08E6D90BAD6736B3 /* libnano2d.dylib in CopyFiles */,
				E449BF4B96EAAA3F6865A76C /* libacme_posix.dylib in CopyFiles */,
				B3357F167B1826E76112ADFE /* libacme_windowing_appkit.dylib in CopyFiles */,
				4451496CC9EF810712544437 /* libacme_windowing_kit.dylib in CopyFiles */,
				54B6118558FC8E351E86C421 /* libapex.dylib in CopyFiles */,
				DF08768F72EACF345E2C179A /* libapex_apple.dylib in CopyFiles */,
				D8040D4E025222C6BDCF3C38 /* libapex_darwin.dylib in CopyFiles */,
				1E48D56F75287473E5418195 /* libapex_macos.dylib in CopyFiles */,
				AE79F65A12CED70B7EA637F4 /* libapex_posix.dylib in CopyFiles */,
				6BE39A3FDFB1F3EE16B4E38D /* libcore_foundation.dylib in CopyFiles */,
				C08DF71F53482F34B1A5446B /* libapp_complex_drawing.dylib in CopyFiles */,
				FC3B3D9833E8B80244F32CE1 /* libapp_simple_drawing.dylib in CopyFiles */,
				3BB08FE5EAD61C4DBFBC0308 /* libaqua.dylib in CopyFiles */,
				DA22197578A542440010CB3B /* libarchive.dylib in CopyFiles */,
				37901A1DA4B65E801CE099D3 /* libaura.dylib in CopyFiles */,
				3A18D927976C434730956340 /* libaura_apple.dylib in CopyFiles */,
				83AEACED8B7DD60D25063FD9 /* libaura_darwin.dylib in CopyFiles */,
				788BE8A2C8898782C16117F0 /* libaura_macos.dylib in CopyFiles */,
				12C9C147EF7E190E9AA7AE7A /* libaura_posix.dylib in CopyFiles */,
				94878735EC8CC87C08B44AE6 /* libaxis.dylib in CopyFiles */,
				2D425FAA19738364695F2ACE /* libcore_graphics.dylib in CopyFiles */,
				4CF46845B52DF096BDDC540B /* libberg.dylib in CopyFiles */,
				4321FA5D7075659A79FBE738 /* libbred.dylib in CopyFiles */,
				208006A6E093DDA7E0350F5B /* libcore.dylib in CopyFiles */,
				4AA30DC3E1DCF0775477DFBD /* libcrypto.dylib in CopyFiles */,
				8C0EE31024CBB941884ABB1D /* libcrypto_openssl.dylib in CopyFiles */,
				013DD1799880208617DCBFC3 /* libdarwin.dylib in CopyFiles */,
				446ADD54306A8000FCE21D1C /* libdatabase_sqlite3.dylib in CopyFiles */,
				A46A6CEFF0650FDBC64C4565 /* libdraw2d_quartz2d.dylib in CopyFiles */,
				5223E2F9A1EFB62EC9E42E21 /* libexperience_core.dylib in CopyFiles */,
				1B988F551AB943937DA5E36F /* libfolder_zip.dylib in CopyFiles */,
				8458DDDABA3B96EE0567C26F /* libidn.dylib in CopyFiles */,
				23652B6E7BB79FC3C3B7F5A1 /* libimaging_coreimage.dylib in CopyFiles */,
				8C50AD54CE2E56404C727194 /* libinnate_ui_appkit.dylib in CopyFiles */,
				6514F358AB0E7332B9F74B87 /* libnano_graphics_quartz2d.dylib in CopyFiles */,
				86EAD85844A5452B37AB6268 /* libnetworking_bsd.dylib in CopyFiles */,
				947482BA25E5AEF9E8BB315C /* libnode_macos.dylib in CopyFiles */,
				22DB0DDE1A9B455EA9BBCC56 /* liboperating_ambient_macos.dylib in CopyFiles */,
				CAAFEE54E7525516E309CE1A /* libssl.dylib in CopyFiles */,
				CE64BDE5136CCAE85514465A /* libunac.dylib in CopyFiles */,
				EFB239749DC6205E1F06FB3A /* libwindowing_macos.dylib in CopyFiles */,
				3DE7725C6D09AE35F4DEAC68 /* libwrite_text_quartz2d.dylib in CopyFiles */,
				E8991F5B1773FD7ECC58D8EB /* libacme.dylib in CopyFiles */,
				33BE551B25CCE429CC31C35B /* libappkit.dylib in CopyFiles */,
			);
			runOnlyForDeploymentPostprocessing = 0;
		};
/* End PBXCopyFilesBuildPhase section */

/* Begin PBXFileReference section */
		0D5C8BE5CAA3EF3A518E2E18 /* _app_complex_drawing.app */ = {isa = PBXFileReference; explicitFileType = wrapper.application; includeInIndex = 0; path = _app_complex_drawing.app; sourceTree = BUILT_PRODUCTS_DIR; };
		8043E23A8E7EDFE5991A5372 /* libnano2d.dylib */ = {isa = PBXFileReference; lastKnownFileType = "compiled.mach-o.dylib"; path = libnano2d.dylib; sourceTree = "<group>"; };
		549A2219B0079234C258E125 /* en */ = {isa = PBXFileReference; lastKnownFileType = text.plist.strings; name = en; path = InfoPlist.strings; sourceTree = "<group>"; };
		36F50C7EF06E01F4795481F5 /* libappkit.dylib */ = {isa = PBXFileReference; lastKnownFileType = "compiled.mach-o.dylib"; path = libappkit.dylib; sourceTree = "<group>"; };
		D3369AB46FD60F6C1BF5E609 /* libcore_foundation.dylib */ = {isa = PBXFileReference; lastKnownFileType = "compiled.mach-o.dylib"; path = libcore_foundation.dylib; sourceTree = "<group>"; };
		264ABE9D6358883B027E709D /* libcore_graphics.dylib */ = {isa = PBXFileReference; lastKnownFileType = "compiled.mach-o.dylib"; path = libcore_graphics.dylib; sourceTree = "<group>"; };
		CB77690D6BA8785702F4D27F /* libacme.dylib */ = {isa = PBXFileReference; lastKnownFileType = "compiled.mach-o.dylib"; path = libacme.dylib; sourceTree = "<group>"; };
		E4F0A68445A8A44672D31601 /* libacme_apple.dylib */ = {isa = PBXFileReference; lastKnownFileType = "compiled.mach-o.dylib"; path = libacme_apple.dylib; sourceTree = "<group>"; };
		FA7C917AED9861EE5DA174BC /* libacme_darwin.dylib */ = {isa = PBXFileReference; lastKnownFileType = "compiled.mach-o.dylib"; path = libacme_darwin.dylib; sourceTree = "<group>"; };
		F3900D600D4209116F425169 /* libacme_macos.dylib */ = {isa = PBXFileReference; lastKnownFileType = "compiled.mach-o.dylib"; path = libacme_macos.dylib; sourceTree = "<group>"; };
		F786B34BE95507F6FD3C9EEE /* libacme_posix.dylib */ = {isa = PBXFileReference; lastKnownFileType = "compiled.mach-o.dylib"; path = libacme_posix.dylib; sourceTree = "<group>"; };
		8978BF5F139F9E03D414BBA6 /* libacme_windowing_appkit.dylib */ = {isa = PBXFileReference; lastKnownFileType = "compiled.mach-o.dylib"; path = libacme_windowing_appkit.dylib; sourceTree = "<group>"; };
		6535048A24A2D6D8C2EDFBFB /* libacme_windowing_kit.dylib */ = {isa = PBXFileReference; lastKnownFileType = "compiled.mach-o.dylib"; path = libacme_windowing_kit.dylib; sourceTree = "<group>"; };
		249380E18107B6FB8A279783 /* libapex.dylib */ = {isa = PBXFileReference; lastKnownFileType = "compiled.mach-o.dylib"; path = libapex.dylib; sourceTree = "<group>"; };
		949C9487885B2D3AAEEB588C /* libapex_apple.dylib */ = {isa = PBXFileReference; lastKnownFileType = "compiled.mach-o.dylib"; path = libapex_apple.dylib; sourceTree = "<group>"; };
		A3F12689E2D10A0CB3DBD7D0 /* libapex_darwin.dylib */ = {isa = PBXFileReference; lastKnownFileType = "compiled.mach-o.dylib"; path = libapex_darwin.dylib; sourceTree = "<group>"; };
		B0C4AF490BC9834CA0ABB025 /* libapex_macos.dylib */ = {isa = PBXFileReference; lastKnownFileType = "compiled.mach-o.dylib"; path = libapex_macos.dylib; sourceTree = "<group>"; };
		CB8B32F89A094A0ACCB61467 /* libapex_posix.dylib */ = {isa = PBXFileReference; lastKnownFileType = "compiled.mach-o.dylib"; path = libapex_posix.dylib; sourceTree = "<group>"; };
		3455984C1329237DB529B748 /* libapp_complex_drawing.dylib */ = {isa = PBXFileReference; lastKnownFileType = "compiled.mach-o.dylib"; path = libapp_complex_drawing.dylib; sourceTree = "<group>"; };
		BC6890ED9D126BC8C3AEC137 /* libapp_simple_drawing.dylib */ = {isa = PBXFileReference; lastKnownFileType = "compiled.mach-o.dylib"; path = libapp_simple_drawing.dylib; sourceTree = "<group>"; };
		0A29C3EEC58CF3671D4FE4A4 /* libaqua.dylib */ = {isa = PBXFileReference; lastKnownFileType = "compiled.mach-o.dylib"; path = libaqua.dylib; sourceTree = "<group>"; };
		A135F1AA6F4BEB254B2DEEFA /* libarchive.dylib */ = {isa = PBXFileReference; lastKnownFileType = "compiled.mach-o.dylib"; path = libarchive.dylib; sourceTree = "<group>"; };
		F3A81FEC1E0B61189602EE2A /* libaura.dylib */ = {isa = PBXFileReference; lastKnownFileType = "compiled.mach-o.dylib"; path = libaura.dylib; sourceTree = "<group>"; };
		C0CF6290A745317FBEFAE0AA /* libaura_apple.dylib */ = {isa = PBXFileReference; lastKnownFileType = "compiled.mach-o.dylib"; path = libaura_apple.dylib; sourceTree = "<group>"; };
		49C2039975830B6F8941BE54 /* libaura_darwin.dylib */ = {isa = PBXFileReference; lastKnownFileType = "compiled.mach-o.dylib"; path = libaura_darwin.dylib; sourceTree = "<group>"; };
		FF7F8B93BD97AF204726A5E8 /* libaura_macos.dylib */ = {isa = PBXFileReference; lastKnownFileType = "compiled.mach-o.dylib"; path = libaura_macos.dylib; sourceTree = "<group>"; };
		D89FA9833B69805CA64BEBC5 /* libaura_posix.dylib */ = {isa = PBXFileReference; lastKnownFileType = "compiled.mach-o.dylib"; path = libaura_posix.dylib; sourceTree = "<group>"; };
		6F2B337360762CF4B9DE845E /* libaxis.dylib */ = {isa = PBXFileReference; lastKnownFileType = "compiled.mach-o.dylib"; path = libaxis.dylib; sourceTree = "<group>"; };
		C4714EC86CBBC61115250C87 /* libberg.dylib */ = {isa = PBXFileReference; lastKnownFileType = "compiled.mach-o.dylib"; path = libberg.dylib; sourceTree = "<group>"; };
		A4FEACF69FAC6A297E3E8C22 /* libbred.dylib */ = {isa = PBXFileReference; lastKnownFileType = "compiled.mach-o.dylib"; path = libbred.dylib; sourceTree = "<group>"; };
		E3DC476026A75FCD8B283F36 /* libcore.dylib */ = {isa = PBXFileReference; lastKnownFileType = "compiled.mach-o.dylib"; path = libcore.dylib; sourceTree = "<group>"; };
		80639E7BF697054C972D06DB /* libcrypto.dylib */ = {isa = PBXFileReference; lastKnownFileType = "compiled.mach-o.dylib"; path = libcrypto.dylib; sourceTree = "<group>"; };
		0931FAD4B38EDED46CFA6B07 /* libcrypto_openssl.dylib */ = {isa = PBXFileReference; lastKnownFileType = "compiled.mach-o.dylib"; path = libcrypto_openssl.dylib; sourceTree = "<group>"; };
		357D631D0597E57684DC12A7 /* libdarwin.dylib */ = {isa = PBXFileReference; lastKnownFileType = "compiled.mach-o.dylib"; path = libdarwin.dylib; sourceTree = "<group>"; };
		F50944559B019163BB5A1FC0 /* libdatabase_sqlite3.dylib */ = {isa = PBXFileReference; lastKnownFileType = "compiled.mach-o.dylib"; path = libdatabase_sqlite3.dylib; sourceTree = "<group>"; };
		9B2B1AA96F0485E6772372B2 /* libdraw2d_quartz2d.dylib */ = {isa = PBXFileReference; lastKnownFileType = "compiled.mach-o.dylib"; path = libdraw2d_quartz2d.dylib; sourceTree = "<group>"; };
		C8C0D2C4D9CB8971D9AE389F /* libexperience_core.dylib */ = {isa = PBXFileReference; lastKnownFileType = "compiled.mach-o.dylib"; path = libexperience_core.dylib; sourceTree = "<group>"; };
		2C3E2F64132CD1B8B4FF84C9 /* libfolder_zip.dylib */ = {isa = PBXFileReference; lastKnownFileType = "compiled.mach-o.dylib"; path = libfolder_zip.dylib; sourceTree = "<group>"; };
		412B465E3F0765CED7D33B91 /* libidn.dylib */ = {isa = PBXFileReference; lastKnownFileType = "compiled.mach-o.dylib"; path = libidn.dylib; sourceTree = "<group>"; };
		C9026D11D8B71EE47D19A3D8 /* libimaging_coreimage.dylib */ = {isa = PBXFileReference; lastKnownFileType = "compiled.mach-o.dylib"; path = libimaging_coreimage.dylib; sourceTree = "<group>"; };
		A8EDCB2E38466569A6A689DB /* libinnate_ui_appkit.dylib */ = {isa = PBXFileReference; lastKnownFileType = "compiled.mach-o.dylib"; path = libinnate_ui_appkit.dylib; sourceTree = "<group>"; };
		3AB1627C631CC1CB5447B8E1 /* libnano_graphics_quartz2d.dylib */ = {isa = PBXFileReference; lastKnownFileType = "compiled.mach-o.dylib"; path = libnano_graphics_quartz2d.dylib; sourceTree = "<group>"; };
		9010A577FE054B86B200828F /* libnetworking_bsd.dylib */ = {isa = PBXFileReference; lastKnownFileType = "compiled.mach-o.dylib"; path = libnetworking_bsd.dylib; sourceTree = "<group>"; };
		9A6AB431F9C4A4455E6AEE49 /* libnode_macos.dylib */ = {isa = PBXFileReference; lastKnownFileType = "compiled.mach-o.dylib"; path = libnode_macos.dylib; sourceTree = "<group>"; };
		A463E7F2A779B3A4F45F038C /* liboperating_ambient_macos.dylib */ = {isa = PBXFileReference; lastKnownFileType = "compiled.mach-o.dylib"; path = liboperating_ambient_macos.dylib; sourceTree = "<group>"; };
		3CE7B040A5AE9F9A530ED0AA /* libssl.dylib */ = {isa = PBXFileReference; lastKnownFileType = "compiled.mach-o.dylib"; path = libssl.dylib; sourceTree = "<group>"; };
		94351861021FE2F4E62CEDC6 /* libunac.dylib */ = {isa = PBXFileReference; lastKnownFileType = "compiled.mach-o.dylib"; path = libunac.dylib; sourceTree = "<group>"; };
		AD5DF9BB7BAC74FB6DF26D21 /* libwindowing_macos.dylib */ = {isa = PBXFileReference; lastKnownFileType = "compiled.mach-o.dylib"; path = libwindowing_macos.dylib; sourceTree = "<group>"; };
		506B148DEC0DBB242AE99A20 /* libwrite_text_quartz2d.dylib */ = {isa = PBXFileReference; lastKnownFileType = "compiled.mach-o.dylib"; path = libwrite_text_quartz2d.dylib; sourceTree = "<group>"; };
		CA86EF2A247AEB97CBACA1D8 /* Images.xcassets */ = {isa = PBXFileReference; lastKnownFileType = folder.assetcatalog; path = Images.xcassets; sourceTree = "<group>"; };
		CCF58E5D61F5800B3381262E /* Info.plist */ = {isa = PBXFileReference; fileEncoding = 4; lastKnownFileType = text.plist.xml; path = Info.plist; sourceTree = "<group>"; };
		41DDE89899B9174ADB0EA740 /* _matter.zip */ = {isa = PBXFileReference; lastKnownFileType = archive.zip; path = _matter.zip; sourceTree = "<group>"; };
		A06A0487BD74EAF2BC32F171 /* _____debug.xcconfig */ = {isa = PBXFileReference; fileEncoding = 4; lastKnownFileType = text.xcconfig; name = "_____debug.xcconfig"; path = "../_____debug.xcconfig"; sourceTree = "<group>"; };
		73514D27C748DFC1EE25C4B3 /* _____release.xcconfig */ = {isa = PBXFileReference; fileEncoding = 4; lastKnownFileType = text.xcconfig; name = "_____release.xcconfig"; path = "../_____release.xcconfig"; sourceTree = "<group>"; };
		24B545E21B4EA769DBF2648E /* libnano_idn_libidn.dylib */ = {isa = PBXFileReference; lastKnownFileType = "compiled.mach-o.dylib"; path = libnano_idn_libidn.dylib; sourceTree = "<group>"; };
		306F0F6FFADB5B8E83028B2C /* main.cpp */ = {isa = PBXFileReference; fileEncoding = 4; lastKnownFileType = sourcecode.cpp.cpp; path = main.cpp; sourceTree = "<group>"; };
/* End PBXFileReference section */

/* Begin PBXFrameworksBuildPhase section */
		CCCE8FF2D3191DF279C54496 /* Frameworks */ = {
			isa = PBXFrameworksBuildPhase;
			buildActionMask = 2147483647;
			files = (
				FA3E1AEDA633B6CB803AA23F /* libacme.dylib in Frameworks */,
				5384BFD3DB0ADC102D5250D7 /* libcore_graphics.dylib in Frameworks */,
				0AD96115AE2531B4BFACD4A0 /* libcore_foundation.dylib in Frameworks */,
				EEF73523D9EF98C41F1C0D28 /* libappkit.dylib in Frameworks */,
				C204B569D6FA723A2264E39E /* libcore.dylib in Frameworks */,
				D0BB76D8E97214C65D01E6B5 /* libapp_complex_drawing.dylib in Frameworks */,
			);
			runOnlyForDeploymentPostprocessing = 0;
		};
/* End PBXFrameworksBuildPhase section */

/* Begin PBXGroup section */
		F73D92B1CD93CC80DCEFAA84 = {
			isa = PBXGroup;
			children = (
				4033B3B2CC7C9DD43F1C3B17 /* time-macos */,
				17D2052B5AE878B84AD23D45 /* __implement */,
				7AE4720331FAF5ED4D15646D /* Frameworks */,
				4481821D46A618CA33342DB6 /* Products */,
			);
			sourceTree = "<group>";
		};
		4481821D46A618CA33342DB6 /* Products */ = {
			isa = PBXGroup;
			children = (
				0D5C8BE5CAA3EF3A518E2E18 /* _app_complex_drawing.app */,
			);
			name = Products;
			sourceTree = "<group>";
		};
		AA60C042AE80733DFD8FCEB4 /* en.lproj */ = {
			isa = PBXGroup;
			children = (
				12B70A52E8FA6DA84FFC1118 /* InfoPlist.strings */,
			);
			path = en.lproj;
			sourceTree = "<group>";
		};
		4033B3B2CC7C9DD43F1C3B17 /* time-macos */ = {
			isa = PBXGroup;
			children = (
				CB77690D6BA8785702F4D27F /* libacme.dylib */,
				E4F0A68445A8A44672D31601 /* libacme_apple.dylib */,
				FA7C917AED9861EE5DA174BC /* libacme_darwin.dylib */,
				F3900D600D4209116F425169 /* libacme_macos.dylib */,
				F786B34BE95507F6FD3C9EEE /* libacme_posix.dylib */,
				8978BF5F139F9E03D414BBA6 /* libacme_windowing_appkit.dylib */,
				6535048A24A2D6D8C2EDFBFB /* libacme_windowing_kit.dylib */,
				249380E18107B6FB8A279783 /* libapex.dylib */,
				949C9487885B2D3AAEEB588C /* libapex_apple.dylib */,
				A3F12689E2D10A0CB3DBD7D0 /* libapex_darwin.dylib */,
				B0C4AF490BC9834CA0ABB025 /* libapex_macos.dylib */,
				CB8B32F89A094A0ACCB61467 /* libapex_posix.dylib */,
				3455984C1329237DB529B748 /* libapp_complex_drawing.dylib */,
				BC6890ED9D126BC8C3AEC137 /* libapp_simple_drawing.dylib */,
				36F50C7EF06E01F4795481F5 /* libappkit.dylib */,
				0A29C3EEC58CF3671D4FE4A4 /* libaqua.dylib */,
				A135F1AA6F4BEB254B2DEEFA /* libarchive.dylib */,
				F3A81FEC1E0B61189602EE2A /* libaura.dylib */,
				C0CF6290A745317FBEFAE0AA /* libaura_apple.dylib */,
				49C2039975830B6F8941BE54 /* libaura_darwin.dylib */,
				FF7F8B93BD97AF204726A5E8 /* libaura_macos.dylib */,
				D89FA9833B69805CA64BEBC5 /* libaura_posix.dylib */,
				6F2B337360762CF4B9DE845E /* libaxis.dylib */,
				C4714EC86CBBC61115250C87 /* libberg.dylib */,
				A4FEACF69FAC6A297E3E8C22 /* libbred.dylib */,
				E3DC476026A75FCD8B283F36 /* libcore.dylib */,
				D3369AB46FD60F6C1BF5E609 /* libcore_foundation.dylib */,
				264ABE9D6358883B027E709D /* libcore_graphics.dylib */,
				80639E7BF697054C972D06DB /* libcrypto.dylib */,
				0931FAD4B38EDED46CFA6B07 /* libcrypto_openssl.dylib */,
				357D631D0597E57684DC12A7 /* libdarwin.dylib */,
				F50944559B019163BB5A1FC0 /* libdatabase_sqlite3.dylib */,
				9B2B1AA96F0485E6772372B2 /* libdraw2d_quartz2d.dylib */,
				C8C0D2C4D9CB8971D9AE389F /* libexperience_core.dylib */,
				2C3E2F64132CD1B8B4FF84C9 /* libfolder_zip.dylib */,
				412B465E3F0765CED7D33B91 /* libidn.dylib */,
				C9026D11D8B71EE47D19A3D8 /* libimaging_coreimage.dylib */,
				A8EDCB2E38466569A6A689DB /* libinnate_ui_appkit.dylib */,
				3AB1627C631CC1CB5447B8E1 /* libnano_graphics_quartz2d.dylib */,
				24B545E21B4EA769DBF2648E /* libnano_idn_libidn.dylib */,
				8043E23A8E7EDFE5991A5372 /* libnano2d.dylib */,
				9010A577FE054B86B200828F /* libnetworking_bsd.dylib */,
				9A6AB431F9C4A4455E6AEE49 /* libnode_macos.dylib */,
				A463E7F2A779B3A4F45F038C /* liboperating_ambient_macos.dylib */,
				3CE7B040A5AE9F9A530ED0AA /* libssl.dylib */,
				94351861021FE2F4E62CEDC6 /* libunac.dylib */,
				AD5DF9BB7BAC74FB6DF26D21 /* libwindowing_macos.dylib */,
				506B148DEC0DBB242AE99A20 /* libwrite_text_quartz2d.dylib */,
			);
			path = "time-macos";
			sourceTree = "<group>";
		};
		17D2052B5AE878B84AD23D45 /* __implement */ = {
			isa = PBXGroup;
			children = (
				A06A0487BD74EAF2BC32F171 /* _____debug.xcconfig */,
				73514D27C748DFC1EE25C4B3 /* _____release.xcconfig */,
				306F0F6FFADB5B8E83028B2C /* main.cpp */,
				41DDE89899B9174ADB0EA740 /* _matter.zip */,
				5F2356DC88AF79F34C61DDCB /* macos */,
			);
			name = __implement;
			sourceTree = "<group>";
		};
		5F2356DC88AF79F34C61DDCB /* macos */ = {
			isa = PBXGroup;
			children = (
				AA60C042AE80733DFD8FCEB4 /* en.lproj */,
				CA86EF2A247AEB97CBACA1D8 /* Images.xcassets */,
				CCF58E5D61F5800B3381262E /* Info.plist */,
			);
			path = macos;
			sourceTree = "<group>";
		};
		7AE4720331FAF5ED4D15646D /* Frameworks */ = {
			isa = PBXGroup;
			children = (
			);
			name = Frameworks;
			sourceTree = "<group>";
		};
/* End PBXGroup section */

/* Begin PBXNativeTarget section */
		DD1EFFA80062070701BB1406 /* _app_complex_drawing */ = {
			isa = PBXNativeTarget;
			buildConfigurationList = 5ED71A3366DB7D4CA52F6014 /* Build configuration list for PBXNativeTarget "_app_complex_drawing" */;
			buildPhases = (
				162BC304E063A2CB2AE10C96 /* Sources */,
				CCCE8FF2D3191DF279C54496 /* Frameworks */,
				B6A207501F68CB8A706FAC76 /* Resources */,
				604E3B26AD566D721FD839FB /* CopyFiles */,
			);
			buildRules = (
			);
			dependencies = (
			);
			name = _app_complex_drawing;
			productName = "Hello Multiverse!!";
			productReference = 0D5C8BE5CAA3EF3A518E2E18 /* _app_complex_drawing.app */;
			productType = "com.apple.product-type.application";
		};
/* End PBXNativeTarget section */

/* Begin PBXProject section */
		F3DEEB2E3E6074C251CF5591 /* Project object */ = {
			isa = PBXProject;
			attributes = {
				BuildIndependentTargetsInParallel = YES;
				LastUpgradeCheck = 1540;
				ORGANIZATIONNAME = "ca2 Software Development";
				TargetAttributes = {
					DD1EFFA80062070701BB1406 = {
						CreatedOnToolsVersion = 6.4;
						DevelopmentTeam = L8N5V6TZE5;
						ProvisioningStyle = Automatic;
					};
				};
			};
			buildConfigurationList = 7C754FBDAF3793910196E555 /* Build configuration list for PBXProject "app_complex_drawing" */;
			compatibilityVersion = "Xcode 12.0";
			developmentRegion = en;
			hasScannedForEncodings = 0;
			knownRegions = (
				en,
				Base,
			);
			mainGroup = F73D92B1CD93CC80DCEFAA84;
			productRefGroup = 4481821D46A618CA33342DB6 /* Products */;
			projectDirPath = "";
			projectRoot = "";
			targets = (
				DD1EFFA80062070701BB1406 /* _app_complex_drawing */,
			);
		};
/* End PBXProject section */

/* Begin PBXResourcesBuildPhase section */
		B6A207501F68CB8A706FAC76 /* Resources */ = {
			isa = PBXResourcesBuildPhase;
			buildActionMask = 2147483647;
			files = (
				C5F7175A43FB798F96D59481 /* Images.xcassets in Resources */,
				7F57B79E254118D7E29EE798 /* InfoPlist.strings in Resources */,
				7415E0CC4CD342F18F872F15 /* _matter.zip in Resources */,
			);
			runOnlyForDeploymentPostprocessing = 0;
		};
/* End PBXResourcesBuildPhase section */

/* Begin PBXSourcesBuildPhase section */
		162BC304E063A2CB2AE10C96 /* Sources */ = {
			isa = PBXSourcesBuildPhase;
			buildActionMask = 2147483647;
			files = (
				85661B0396FC4F0A43209901 /* main.cpp in Sources */,
			);
			runOnlyForDeploymentPostprocessing = 0;
		};
/* End PBXSourcesBuildPhase section */

/* Begin PBXVariantGroup section */
		12B70A52E8FA6DA84FFC1118 /* InfoPlist.strings */ = {
			isa = PBXVariantGroup;
			children = (
				549A2219B0079234C258E125 /* en */,
			);
			name = InfoPlist.strings;
			sourceTree = "<group>";
		};
/* End PBXVariantGroup section */

/* Begin XCBuildConfiguration section */
		DFA54DD9121DC7901F459C5F /* Debug */ = {
			isa = XCBuildConfiguration;
			baseConfigurationReference = A06A0487BD74EAF2BC32F171 /* _____debug.xcconfig */;
			buildSettings = {
				ALWAYS_SEARCH_USER_PATHS = NO;
				ASSETCATALOG_COMPILER_GENERATE_SWIFT_ASSET_SYMBOL_EXTENSIONS = YES;
				CLANG_ANALYZER_LOCALIZABILITY_NONLOCALIZED = YES;
				CLANG_CXX_LANGUAGE_STANDARD = "c++20";
				CLANG_ENABLE_OBJC_ARC = YES;
				CLANG_WARN_BLOCK_CAPTURE_AUTORELEASING = YES;
				CLANG_WARN_BOOL_CONVERSION = YES;
				CLANG_WARN_COMMA = YES;
				CLANG_WARN_CONSTANT_CONVERSION = YES;
				CLANG_WARN_DEPRECATED_OBJC_IMPLEMENTATIONS = YES;
				CLANG_WARN_DIRECT_OBJC_ISA_USAGE = YES_ERROR;
				CLANG_WARN_EMPTY_BODY = YES;
				CLANG_WARN_ENUM_CONVERSION = YES;
				CLANG_WARN_INFINITE_RECURSION = YES;
				CLANG_WARN_INT_CONVERSION = YES;
				CLANG_WARN_NON_LITERAL_NULL_CONVERSION = YES;
				CLANG_WARN_OBJC_IMPLICIT_RETAIN_SELF = YES;
				CLANG_WARN_OBJC_LITERAL_CONVERSION = YES;
				CLANG_WARN_OBJC_ROOT_CLASS = YES_ERROR;
				CLANG_WARN_QUOTED_INCLUDE_IN_FRAMEWORK_HEADER = YES;
				CLANG_WARN_RANGE_LOOP_ANALYSIS = YES;
				CLANG_WARN_STRICT_PROTOTYPES = YES;
				CLANG_WARN_SUSPICIOUS_MOVE = YES;
				CLANG_WARN_UNREACHABLE_CODE = YES;
				CLANG_WARN__DUPLICATE_METHOD_MATCH = YES;
				CODE_SIGN_IDENTITY = "Mac Developer";
				CODE_SIGN_STYLE = Automatic;
				COPY_PHASE_STRIP = NO;
				DEAD_CODE_STRIPPING = YES;
				DEBUG_INFORMATION_FORMAT = dwarf;
				DEVELOPMENT_TEAM = HS8735NRM5;
				ENABLE_HARDENED_RUNTIME = YES;
				ENABLE_STRICT_OBJC_MSGSEND = YES;
				ENABLE_TESTABILITY = YES;
				ENABLE_USER_SCRIPT_SANDBOXING = YES;
				GCC_C_LANGUAGE_STANDARD = c11;
				GCC_DYNAMIC_NO_PIC = NO;
				GCC_NO_COMMON_BLOCKS = YES;
				GCC_OPTIMIZATION_LEVEL = 0;
				GCC_PREPROCESSOR_DEFINITIONS = "$(inherited)";
				GCC_SYMBOLS_PRIVATE_EXTERN = NO;
				GCC_WARN_64_TO_32_BIT_CONVERSION = YES;
				GCC_WARN_ABOUT_RETURN_TYPE = YES_ERROR;
				GCC_WARN_UNDECLARED_SELECTOR = YES;
				GCC_WARN_UNINITIALIZED_AUTOS = YES_AGGRESSIVE;
				GCC_WARN_UNUSED_FUNCTION = YES;
				GCC_WARN_UNUSED_VARIABLE = YES;
				HEADER_SEARCH_PATHS = "";
				LIBRARY_SEARCH_PATHS = (
					"$(inherited)",
					"$(WorkspaceDir)/operating_system",
					"$(WorkspaceDir)/../operating_system/storage-$(PLATFORM_MODIFIER)/$(CONFIGURATION)/library",
					"$(WorkspaceDir)/time-$(PLATFORM_MODIFIER)/output",
				);
				ONLY_ACTIVE_ARCH = YES;
				PLATFORM_MODIFIER = macos;
				PRODUCT_NAME = "$(TARGET_NAME)";
				PROVISIONING_PROFILE_SPECIFIER = "";
				SDKROOT = macosx;
				SYSTEM_HEADER_SEARCH_PATHS = (
					"$(WorkspaceDir)/operating_system/operating_system-$(PLATFORM_MODIFIER)/include",
					"$(WorkspaceDir)/operating_system/operating_system-$(PLATFORM_MODIFIER)/configuration",
					"$(WorkspaceDir)/port/include",
					"$(WorkspaceDir)/source/app/include",
				);
				USER_HEADER_SEARCH_PATHS = (
					.,
					"$(WorkspaceDir)/source",
					"$(WorkspaceDir)/source/app",
					"$(WorkspaceDir)/source/app/_include",
					"$(WorkspaceDir)/operating_system",
					"$(WorkspaceDir)/operating_system/operating_system-$(PLATFORM_MODIFIER)",
					"$(WorkspaceDir)/operating_system/operating_system-$(PLATFORM_MODIFIER)/configuration_selection/$(CONFIGURATION)",
					"$(WorkspaceDir)/port/_",
					"$(PROJECT_DIR)",
					"$(PROJECT_DIR)/..",
					"$(PROJECT_DIR)/../..",
					"$(HOME)/sensitive/sensitive/include",
				);
				USE_HEADERMAP = NO;
				WorkspaceDir = "$(SRCROOT)/../../../..";
			};
			name = Debug;
		};
		CF2AD1763311A7506B4C34DA /* Release */ = {
			isa = XCBuildConfiguration;
			baseConfigurationReference = 73514D27C748DFC1EE25C4B3 /* _____release.xcconfig */;
			buildSettings = {
				ALWAYS_SEARCH_USER_PATHS = NO;
				ASSETCATALOG_COMPILER_GENERATE_SWIFT_ASSET_SYMBOL_EXTENSIONS = YES;
				CLANG_ANALYZER_LOCALIZABILITY_NONLOCALIZED = YES;
				CLANG_CXX_LANGUAGE_STANDARD = "c++20";
				CLANG_ENABLE_OBJC_ARC = YES;
				CLANG_WARN_BLOCK_CAPTURE_AUTORELEASING = YES;
				CLANG_WARN_BOOL_CONVERSION = YES;
				CLANG_WARN_COMMA = YES;
				CLANG_WARN_CONSTANT_CONVERSION = YES;
				CLANG_WARN_DEPRECATED_OBJC_IMPLEMENTATIONS = YES;
				CLANG_WARN_DIRECT_OBJC_ISA_USAGE = YES_ERROR;
				CLANG_WARN_EMPTY_BODY = YES;
				CLANG_WARN_ENUM_CONVERSION = YES;
				CLANG_WARN_INFINITE_RECURSION = YES;
				CLANG_WARN_INT_CONVERSION = YES;
				CLANG_WARN_NON_LITERAL_NULL_CONVERSION = YES;
				CLANG_WARN_OBJC_IMPLICIT_RETAIN_SELF = YES;
				CLANG_WARN_OBJC_LITERAL_CONVERSION = YES;
				CLANG_WARN_OBJC_ROOT_CLASS = YES_ERROR;
				CLANG_WARN_QUOTED_INCLUDE_IN_FRAMEWORK_HEADER = YES;
				CLANG_WARN_RANGE_LOOP_ANALYSIS = YES;
				CLANG_WARN_STRICT_PROTOTYPES = YES;
				CLANG_WARN_SUSPICIOUS_MOVE = YES;
				CLANG_WARN_UNREACHABLE_CODE = YES;
				CLANG_WARN__DUPLICATE_METHOD_MATCH = YES;
				CODE_SIGN_IDENTITY = "Mac Developer";
				CODE_SIGN_STYLE = Automatic;
				COPY_PHASE_STRIP = NO;
				DEAD_CODE_STRIPPING = YES;
				DEBUG_INFORMATION_FORMAT = "dwarf-with-dsym";
				DEVELOPMENT_TEAM = HS8735NRM5;
				ENABLE_HARDENED_RUNTIME = YES;
				ENABLE_NS_ASSERTIONS = NO;
				ENABLE_STRICT_OBJC_MSGSEND = YES;
				ENABLE_USER_SCRIPT_SANDBOXING = YES;
				GCC_C_LANGUAGE_STANDARD = c11;
				GCC_NO_COMMON_BLOCKS = YES;
				GCC_OPTIMIZATION_LEVEL = 0;
				GCC_WARN_64_TO_32_BIT_CONVERSION = YES;
				GCC_WARN_ABOUT_RETURN_TYPE = YES_ERROR;
				GCC_WARN_UNDECLARED_SELECTOR = YES;
				GCC_WARN_UNINITIALIZED_AUTOS = YES_AGGRESSIVE;
				GCC_WARN_UNUSED_FUNCTION = YES;
				GCC_WARN_UNUSED_VARIABLE = YES;
				HEADER_SEARCH_PATHS = "";
				LIBRARY_SEARCH_PATHS = (
					"$(inherited)",
					"$(WorkspaceDir)/operating_system",
					"$(WorkspaceDir)/../operating_system/storage-$(PLATFORM_MODIFIER)/$(CONFIGURATION)/library",
					"$(WorkspaceDir)/operating_system",
					"$(WorkspaceDir)/time-$(PLATFORM_MODIFIER)/output",
				);
				PLATFORM_MODIFIER = macos;
				PRODUCT_NAME = "$(TARGET_NAME)";
				PROVISIONING_PROFILE_SPECIFIER = "";
				SDKROOT = macosx;
				SYSTEM_HEADER_SEARCH_PATHS = (
					"$(WorkspaceDir)/operating_system/operating_system-$(PLATFORM_MODIFIER)/include",
					"$(WorkspaceDir)/operating_system/operating_system-$(PLATFORM_MODIFIER)/configuration",
					"$(WorkspaceDir)/port/include",
					"$(WorkspaceDir)/source/app/include",
				);
				USER_HEADER_SEARCH_PATHS = (
					.,
					"$(WorkspaceDir)/source",
					"$(WorkspaceDir)/source/app",
					"$(WorkspaceDir)/source/app/_include",
					"$(WorkspaceDir)/operating_system",
					"$(WorkspaceDir)/operating_system/operating_system-$(PLATFORM_MODIFIER)",
					"$(WorkspaceDir)/operating_system/operating_system-$(PLATFORM_MODIFIER)/configuration_selection/$(CONFIGURATION)",
					"$(WorkspaceDir)/port/_",
					"$(PROJECT_DIR)",
					"$(PROJECT_DIR)/..",
					"$(PROJECT_DIR)/../..",
					"$(HOME)/sensitive/sensitive/include",
				);
				USE_HEADERMAP = NO;
				WorkspaceDir = "$(SRCROOT)/../../../..";
			};
			name = Release;
		};
		C3C8CF86989527DA2D668B96 /* Debug */ = {
			isa = XCBuildConfiguration;
			buildSettings = {
				ASSETCATALOG_COMPILER_APPICON_NAME = AppIcon;
				INFOPLIST_FILE = "$(SRCROOT)/macos/Info.plist";
				INFOPLIST_KEY_CFBundleDisplayName = "Complex Drawing";
				LIBRARY_SEARCH_PATHS = (
					"$(inherited)",
					"$(PROJECT_DIR)/time-macos",
				);
				PRODUCT_BUNDLE_IDENTIFIER = "app-complex.drawing";
			};
			name = Debug;
		};
		3EEB3E329E2EB6978CE9A3B8 /* Release */ = {
			isa = XCBuildConfiguration;
			buildSettings = {
				ASSETCATALOG_COMPILER_APPICON_NAME = AppIcon;
				INFOPLIST_FILE = "$(SRCROOT)/macos/Info.plist";
				INFOPLIST_KEY_CFBundleDisplayName = "Complex Drawing";
				LIBRARY_SEARCH_PATHS = (
					"$(inherited)",
					"$(PROJECT_DIR)/time-macos",
				);
				PRODUCT_BUNDLE_IDENTIFIER = "app-complex.drawing";
			};
			name = Release;
		};
/* End XCBuildConfiguration section */

/* Begin XCConfigurationList section */
		7C754FBDAF3793910196E555 /* Build configuration list for PBXProject "app_complex_drawing" */ = {
			isa = XCConfigurationList;
			buildConfigurations = (
				DFA54DD9121DC7901F459C5F /* Debug */,
				CF2AD1763311A7506B4C34DA /* Release */,
			);
			defaultConfigurationIsVisible = 0;
			defaultConfigurationName = Release;
		};
		5ED71A3366DB7D4CA52F6014 /* Build configuration list for PBXNativeTarget "_app_complex_drawing" */ = {
			isa = XCConfigurationList;
			buildConfigurations = (
				C3C8CF86989527DA2D668B96 /* Debug */,
				3EEB3E329E2EB6978CE9A3B8 /* Release */,
			);
			defaultConfigurationIsVisible = 0;
			defaultConfigurationName = Release;
		};
/* End XCConfigurationList section */
	};
	rootObject = F3DEEB2E3E6074C251CF5591 /* Project object */;
}
