// !$*UTF8*$!
{
	archiveVersion = 1;
	classes = {
	};
	objectVersion = 54;
	objects = {

/* Begin PBXBuildFile section */
		738598857F349D9320675AB3 /* libacme.dylib in Embed Libraries */ = {isa = PBXBuildFile; fileRef = 0F2A3705F3B157FACB590BB8 /* libacme.dylib */; settings = {ATTRIBUTES = (CodeSignOnCopy, ); }; };
		B0053C6548C29244628581F3 /* libacme_apple.dylib in Embed Libraries */ = {isa = PBXBuildFile; fileRef = 264E6C1D3C62DDE0995FE664 /* libacme_apple.dylib */; settings = {ATTRIBUTES = (CodeSignOnCopy, ); }; };
		8E327D94D5CA142BA0ABD5F8 /* libacme_darwin.dylib in Embed Libraries */ = {isa = PBXBuildFile; fileRef = 7323E7D1B52C3B7C57F878B0 /* libacme_darwin.dylib */; settings = {ATTRIBUTES = (CodeSignOnCopy, ); }; };
		1C9E25FAC429C5F18958DFF7 /* libacme_macos.dylib in Embed Libraries */ = {isa = PBXBuildFile; fileRef = 9A1F68FB498B65F025F55664 /* libacme_macos.dylib */; settings = {ATTRIBUTES = (CodeSignOnCopy, ); }; };
		712B169D38892D28468A8D82 /* libacme_posix.dylib in Embed Libraries */ = {isa = PBXBuildFile; fileRef = 312B42982413D3491F08B183 /* libacme_posix.dylib */; settings = {ATTRIBUTES = (CodeSignOnCopy, ); }; };
		051A0BAB792E54555F1055D1 /* libacme_windowing_appkit.dylib in Embed Libraries */ = {isa = PBXBuildFile; fileRef = BF38376591510BB9D658DF15 /* libacme_windowing_appkit.dylib */; settings = {ATTRIBUTES = (CodeSignOnCopy, ); }; };
		2B782F489601B36A40803EAF /* libacme_windowing_kit.dylib in Embed Libraries */ = {isa = PBXBuildFile; fileRef = D28D8E80FB6180897FF8A916 /* libacme_windowing_kit.dylib */; settings = {ATTRIBUTES = (CodeSignOnCopy, ); }; };
		7748C3F7EA22E9D4C117060B /* libapex.dylib in Embed Libraries */ = {isa = PBXBuildFile; fileRef = 8ACFE1D61BDB5E8F91DDDAA4 /* libapex.dylib */; settings = {ATTRIBUTES = (CodeSignOnCopy, ); }; };
		F07781E789D2C4A2D972733F /* libapex_apple.dylib in Embed Libraries */ = {isa = PBXBuildFile; fileRef = 80A93ED412910C85FBD4CEDE /* libapex_apple.dylib */; settings = {ATTRIBUTES = (CodeSignOnCopy, ); }; };
		4CA434B5F08C094844BCD506 /* libapex_darwin.dylib in Embed Libraries */ = {isa = PBXBuildFile; fileRef = 64495CD0E30354FDD651A46D /* libapex_darwin.dylib */; settings = {ATTRIBUTES = (CodeSignOnCopy, ); }; };
		62BCDA0CB93E2C29E7A974C1 /* libapex_macos.dylib in Embed Libraries */ = {isa = PBXBuildFile; fileRef = B26516086CD5BB9801292CF6 /* libapex_macos.dylib */; settings = {ATTRIBUTES = (CodeSignOnCopy, ); }; };
		B09A7DCAB2113CABE5F166C0 /* libapex_posix.dylib in Embed Libraries */ = {isa = PBXBuildFile; fileRef = 2E2956688FA25DB73F8E4A1E /* libapex_posix.dylib */; settings = {ATTRIBUTES = (CodeSignOnCopy, ); }; };
		70835F1C70B16232F1A2BB63 /* libapp_complex_form.dylib in Embed Libraries */ = {isa = PBXBuildFile; fileRef = 9784660EDFCB13977AD89731 /* libapp_complex_form.dylib */; settings = {ATTRIBUTES = (CodeSignOnCopy, ); }; };
		E2B2FBAA6A07C095E8DD0515 /* libapp_simple_form.dylib in Embed Libraries */ = {isa = PBXBuildFile; fileRef = 319D34269BC82AA3115A971A /* libapp_simple_form.dylib */; settings = {ATTRIBUTES = (CodeSignOnCopy, ); }; };
		E42349BF59DFCFEA7C91EEDB /* libappkit.dylib in Embed Libraries */ = {isa = PBXBuildFile; fileRef = C6936B1962261F3A1EB5BAED /* libappkit.dylib */; settings = {ATTRIBUTES = (CodeSignOnCopy, ); }; };
		A9333CA4527C14CA5EC5A63B /* libaqua.dylib in Embed Libraries */ = {isa = PBXBuildFile; fileRef = 4185D1D7CBA9C4EB2539A781 /* libaqua.dylib */; settings = {ATTRIBUTES = (CodeSignOnCopy, ); }; };
		2D0E6B1D88DB45DDFE3AA405 /* libarchive.dylib in Embed Libraries */ = {isa = PBXBuildFile; fileRef = 81EDEFAFEC6C9F6383EC654E /* libarchive.dylib */; settings = {ATTRIBUTES = (CodeSignOnCopy, ); }; };
		ED87FA4807EF47B9B64B0B54 /* libaura.dylib in Embed Libraries */ = {isa = PBXBuildFile; fileRef = 4CC8D13E153E49132824901B /* libaura.dylib */; settings = {ATTRIBUTES = (CodeSignOnCopy, ); }; };
		FB6E2F52591F0DD779630818 /* libaura_apple.dylib in Embed Libraries */ = {isa = PBXBuildFile; fileRef = 62B04CDB89D3EB3D145108F6 /* libaura_apple.dylib */; settings = {ATTRIBUTES = (CodeSignOnCopy, ); }; };
		848C24375E9E8DED6E29ED32 /* libaura_darwin.dylib in Embed Libraries */ = {isa = PBXBuildFile; fileRef = 027EA56913A6F44640AC1CC8 /* libaura_darwin.dylib */; settings = {ATTRIBUTES = (CodeSignOnCopy, ); }; };
		10BAD1C87D154D6AFF098CF6 /* libaura_macos.dylib in Embed Libraries */ = {isa = PBXBuildFile; fileRef = 4450FCF2F6B1357F3A8D21AD /* libaura_macos.dylib */; settings = {ATTRIBUTES = (CodeSignOnCopy, ); }; };
		62EDCEBD23460AA752AB49E4 /* libaura_posix.dylib in Embed Libraries */ = {isa = PBXBuildFile; fileRef = 5D835D1DD4E14D05F646A203 /* libaura_posix.dylib */; settings = {ATTRIBUTES = (CodeSignOnCopy, ); }; };
		A01A4F2D7A970BF49188DBED /* libaxis.dylib in Embed Libraries */ = {isa = PBXBuildFile; fileRef = 2361BDECC0596C378DB49189 /* libaxis.dylib */; settings = {ATTRIBUTES = (CodeSignOnCopy, ); }; };
		D59C317D559CA91AAA800291 /* libberg.dylib in Embed Libraries */ = {isa = PBXBuildFile; fileRef = 76789857804A92D4791C8C96 /* libberg.dylib */; settings = {ATTRIBUTES = (CodeSignOnCopy, ); }; };
		FE7B90B30391884875076772 /* libbred.dylib in Embed Libraries */ = {isa = PBXBuildFile; fileRef = 7C7AF009E419FADD844305E5 /* libbred.dylib */; settings = {ATTRIBUTES = (CodeSignOnCopy, ); }; };
		D4A598172430730BFB54ADC9 /* libcore.dylib in Embed Libraries */ = {isa = PBXBuildFile; fileRef = 8A305D0136A6EC4F1A6DDFD4 /* libcore.dylib */; settings = {ATTRIBUTES = (CodeSignOnCopy, ); }; };
		408BD8FEFFD909A97C694F76 /* libcore_foundation.dylib in Embed Libraries */ = {isa = PBXBuildFile; fileRef = 7B42F5B853A68850C6833BCB /* libcore_foundation.dylib */; settings = {ATTRIBUTES = (CodeSignOnCopy, ); }; };
		E43630C10DC944C65AAE1DBD /* libcore_graphics.dylib in Embed Libraries */ = {isa = PBXBuildFile; fileRef = 8331BA2AB091068DDEDA548F /* libcore_graphics.dylib */; settings = {ATTRIBUTES = (CodeSignOnCopy, ); }; };
		BF7ACDB83CA316E580D3FCEE /* libcrypto.dylib in Embed Libraries */ = {isa = PBXBuildFile; fileRef = 65FD29B933E974BFBAC1E0E2 /* libcrypto.dylib */; settings = {ATTRIBUTES = (CodeSignOnCopy, ); }; };
		2C5FBCEE978825E09AB37E98 /* libcrypto_openssl.dylib in Embed Libraries */ = {isa = PBXBuildFile; fileRef = 82CAAAA39364865783488CC5 /* libcrypto_openssl.dylib */; settings = {ATTRIBUTES = (CodeSignOnCopy, ); }; };
		B21C9836BA42EDA2F2A99672 /* libdarwin.dylib in Embed Libraries */ = {isa = PBXBuildFile; fileRef = A12429B645F28EFA57F82882 /* libdarwin.dylib */; settings = {ATTRIBUTES = (CodeSignOnCopy, ); }; };
		A47F33231BD6178DACE7DC51 /* libdatabase_sqlite3.dylib in Embed Libraries */ = {isa = PBXBuildFile; fileRef = D1B15AE98EE019F473B91D63 /* libdatabase_sqlite3.dylib */; settings = {ATTRIBUTES = (CodeSignOnCopy, ); }; };
		4E348A7AC572F7165C315C58 /* libdraw2d_quartz2d.dylib in Embed Libraries */ = {isa = PBXBuildFile; fileRef = BD60F569C9BC2902B75CBC1F /* libdraw2d_quartz2d.dylib */; settings = {ATTRIBUTES = (CodeSignOnCopy, ); }; };
		E8241675FD692D39AF335421 /* libexperience_core.dylib in Embed Libraries */ = {isa = PBXBuildFile; fileRef = 008021625C8C6666421FE659 /* libexperience_core.dylib */; settings = {ATTRIBUTES = (CodeSignOnCopy, ); }; };
		04D92DC6D42CE5A2E8FFFE19 /* libexperience_tranquillum.dylib in Embed Libraries */ = {isa = PBXBuildFile; fileRef = 6E6487E40C473161FD43D76C /* libexperience_tranquillum.dylib */; settings = {ATTRIBUTES = (CodeSignOnCopy, ); }; };
		7F0466C88A8B3D8338226439 /* libfolder_zip.dylib in Embed Libraries */ = {isa = PBXBuildFile; fileRef = 29EA43683A279B25CDDA2EA5 /* libfolder_zip.dylib */; settings = {ATTRIBUTES = (CodeSignOnCopy, ); }; };
		1D203F4738DBF61BCF69441D /* libidn.dylib in Embed Libraries */ = {isa = PBXBuildFile; fileRef = 14FE6D73FD8F3A5400C04F68 /* libidn.dylib */; settings = {ATTRIBUTES = (CodeSignOnCopy, ); }; };
		AE10672BCCB9707CCEBF42EE /* libimaging_coreimage.dylib in Embed Libraries */ = {isa = PBXBuildFile; fileRef = 31EC28D0CA9E5EE4C7D6D998 /* libimaging_coreimage.dylib */; settings = {ATTRIBUTES = (CodeSignOnCopy, ); }; };
		DA7006BF18B3E00BFADFA905 /* libinnate_ui_appkit.dylib in Embed Libraries */ = {isa = PBXBuildFile; fileRef = 3AD8A121DE91CF2748ECC4C3 /* libinnate_ui_appkit.dylib */; settings = {ATTRIBUTES = (CodeSignOnCopy, ); }; };
		BC4BDFD5B5F2AFDB7219D907 /* libnano_graphics_quartz2d.dylib in Embed Libraries */ = {isa = PBXBuildFile; fileRef = BDCDCF1E4B2A128168738EA6 /* libnano_graphics_quartz2d.dylib */; settings = {ATTRIBUTES = (CodeSignOnCopy, ); }; };
		5E00196C332DBF7EBA0AED53 /* libnano_idn_libidn.dylib in Embed Libraries */ = {isa = PBXBuildFile; fileRef = 61802C4B971B597CF517613C /* libnano_idn_libidn.dylib */; settings = {ATTRIBUTES = (CodeSignOnCopy, ); }; };
		AC518A7FFC5C123CFE9278FC /* libnano2d.dylib in Embed Libraries */ = {isa = PBXBuildFile; fileRef = B007C5126D8F5E9249176D12 /* libnano2d.dylib */; settings = {ATTRIBUTES = (CodeSignOnCopy, ); }; };
		72060DB601A476E893A3F536 /* libnetworking_bsd.dylib in Embed Libraries */ = {isa = PBXBuildFile; fileRef = 64F0667DE331DE882305495F /* libnetworking_bsd.dylib */; settings = {ATTRIBUTES = (CodeSignOnCopy, ); }; };
		E2F0419A5B71502B78E38380 /* libnode_macos.dylib in Embed Libraries */ = {isa = PBXBuildFile; fileRef = 96C81B052B3111E6E5334B29 /* libnode_macos.dylib */; settings = {ATTRIBUTES = (CodeSignOnCopy, ); }; };
		A62B2C1782C3BBD0316F32F9 /* liboperating_ambient_macos.dylib in Embed Libraries */ = {isa = PBXBuildFile; fileRef = 2CFC5BB638BBFDDD57C9EB8F /* liboperating_ambient_macos.dylib */; settings = {ATTRIBUTES = (CodeSignOnCopy, ); }; };
		41FE1BDFB3EF51BA36ED9A4E /* libssl.dylib in Embed Libraries */ = {isa = PBXBuildFile; fileRef = 66DFA2BD8950891E5573D260 /* libssl.dylib */; settings = {ATTRIBUTES = (CodeSignOnCopy, ); }; };
		48C2FE8A56ECAA86EBA3CA43 /* libunac.dylib in Embed Libraries */ = {isa = PBXBuildFile; fileRef = 2D086DA013BF686DBAF387F3 /* libunac.dylib */; settings = {ATTRIBUTES = (CodeSignOnCopy, ); }; };
		574E27A1B7497129BABFB0D3 /* libwindowing_macos.dylib in Embed Libraries */ = {isa = PBXBuildFile; fileRef = 6A9427B98171D16A77FCFDE8 /* libwindowing_macos.dylib */; settings = {ATTRIBUTES = (CodeSignOnCopy, ); }; };
		FF5A06B6715B221110FA18B0 /* libwrite_text_quartz2d.dylib in Embed Libraries */ = {isa = PBXBuildFile; fileRef = CC8AC211B0E6CB7D913E9A51 /* libwrite_text_quartz2d.dylib */; settings = {ATTRIBUTES = (CodeSignOnCopy, ); }; };
		2067376FA201BE79D2C32BDA /* libacme.dylib in Frameworks */ = {isa = PBXBuildFile; fileRef = 0F2A3705F3B157FACB590BB8 /* libacme.dylib */; };
		DB457477D35A8E8E5FC39532 /* libapex.dylib in Frameworks */ = {isa = PBXBuildFile; fileRef = 8ACFE1D61BDB5E8F91DDDAA4 /* libapex.dylib */; };
		E82396A4343C7F6C0DD2B23A /* libaqua.dylib in Frameworks */ = {isa = PBXBuildFile; fileRef = 4185D1D7CBA9C4EB2539A781 /* libaqua.dylib */; };
		C0CD434F032ACFB5BD180D55 /* libaura.dylib in Frameworks */ = {isa = PBXBuildFile; fileRef = 4CC8D13E153E49132824901B /* libaura.dylib */; };
		0692F412358DFE1CE597625E /* libapp_simple_form.dylib in Frameworks */ = {isa = PBXBuildFile; fileRef = 319D34269BC82AA3115A971A /* libapp_simple_form.dylib */; };
		1B27C5BBB949365EBD58D619 /* libapp_complex_form.dylib in Frameworks */ = {isa = PBXBuildFile; fileRef = 9784660EDFCB13977AD89731 /* libapp_complex_form.dylib */; };
		063FC8C84A721FE6EFAE05C1 /* Images.xcassets in Resources */ = {isa = PBXBuildFile; fileRef = 05FFC4CD4B8126EC25F41974 /* Images.xcassets */; };
		05926D0C92655E87E6F63D7F /* _matter.zip in Resources */ = {isa = PBXBuildFile; fileRef = 0D3B05EAC017302F2261FFBA /* _matter.zip */; };
		CCFB828EED63DA5000F6C541 /* main.cpp in Sources */ = {isa = PBXBuildFile; fileRef = 411D5718E55502572E616B23 /* main.cpp */; };
/* End PBXBuildFile section */

/* Begin PBXContainerItemProxy section */
		B6152C6EA90B54428778A85A /* PBXContainerItemProxy */ = {
			isa = PBXContainerItemProxy;
			containerPortal = 0B724C9308C02E2D4AFBB992 /* Project object */;
			proxyType = 1;
			remoteGlobalIDString = A7D017985F0BF029FCDD5D29;
			remoteInfo = "Hello Multiverse!!";
		};
/* End PBXContainerItemProxy section */

/* Begin PBXCopyFilesBuildPhase section */
		D50619714EA111DFC54D5EE5 /* Embed Libraries */ = {
			isa = PBXCopyFilesBuildPhase;
			buildActionMask = 2147483647;
			dstPath = "";
			dstSubfolderSpec = 6;
			files = (
				738598857F349D9320675AB3 /* libacme.dylib in Embed Libraries */,
				B0053C6548C29244628581F3 /* libacme_apple.dylib in Embed Libraries */,
				8E327D94D5CA142BA0ABD5F8 /* libacme_darwin.dylib in Embed Libraries */,
				1C9E25FAC429C5F18958DFF7 /* libacme_macos.dylib in Embed Libraries */,
				712B169D38892D28468A8D82 /* libacme_posix.dylib in Embed Libraries */,
				051A0BAB792E54555F1055D1 /* libacme_windowing_appkit.dylib in Embed Libraries */,
				2B782F489601B36A40803EAF /* libacme_windowing_kit.dylib in Embed Libraries */,
				7748C3F7EA22E9D4C117060B /* libapex.dylib in Embed Libraries */,
				F07781E789D2C4A2D972733F /* libapex_apple.dylib in Embed Libraries */,
				4CA434B5F08C094844BCD506 /* libapex_darwin.dylib in Embed Libraries */,
				62BCDA0CB93E2C29E7A974C1 /* libapex_macos.dylib in Embed Libraries */,
				B09A7DCAB2113CABE5F166C0 /* libapex_posix.dylib in Embed Libraries */,
				70835F1C70B16232F1A2BB63 /* libapp_complex_form.dylib in Embed Libraries */,
				E2B2FBAA6A07C095E8DD0515 /* libapp_simple_form.dylib in Embed Libraries */,
				E42349BF59DFCFEA7C91EEDB /* libappkit.dylib in Embed Libraries */,
				A9333CA4527C14CA5EC5A63B /* libaqua.dylib in Embed Libraries */,
				2D0E6B1D88DB45DDFE3AA405 /* libarchive.dylib in Embed Libraries */,
				ED87FA4807EF47B9B64B0B54 /* libaura.dylib in Embed Libraries */,
				FB6E2F52591F0DD779630818 /* libaura_apple.dylib in Embed Libraries */,
				848C24375E9E8DED6E29ED32 /* libaura_darwin.dylib in Embed Libraries */,
				10BAD1C87D154D6AFF098CF6 /* libaura_macos.dylib in Embed Libraries */,
				62EDCEBD23460AA752AB49E4 /* libaura_posix.dylib in Embed Libraries */,
				A01A4F2D7A970BF49188DBED /* libaxis.dylib in Embed Libraries */,
				D59C317D559CA91AAA800291 /* libberg.dylib in Embed Libraries */,
				FE7B90B30391884875076772 /* libbred.dylib in Embed Libraries */,
				D4A598172430730BFB54ADC9 /* libcore.dylib in Embed Libraries */,
				408BD8FEFFD909A97C694F76 /* libcore_foundation.dylib in Embed Libraries */,
				E43630C10DC944C65AAE1DBD /* libcore_graphics.dylib in Embed Libraries */,
				BF7ACDB83CA316E580D3FCEE /* libcrypto.dylib in Embed Libraries */,
				2C5FBCEE978825E09AB37E98 /* libcrypto_openssl.dylib in Embed Libraries */,
				B21C9836BA42EDA2F2A99672 /* libdarwin.dylib in Embed Libraries */,
				A47F33231BD6178DACE7DC51 /* libdatabase_sqlite3.dylib in Embed Libraries */,
				4E348A7AC572F7165C315C58 /* libdraw2d_quartz2d.dylib in Embed Libraries */,
				E8241675FD692D39AF335421 /* libexperience_core.dylib in Embed Libraries */,
				04D92DC6D42CE5A2E8FFFE19 /* libexperience_tranquillum.dylib in Embed Libraries */,
				7F0466C88A8B3D8338226439 /* libfolder_zip.dylib in Embed Libraries */,
				1D203F4738DBF61BCF69441D /* libidn.dylib in Embed Libraries */,
				AE10672BCCB9707CCEBF42EE /* libimaging_coreimage.dylib in Embed Libraries */,
				DA7006BF18B3E00BFADFA905 /* libinnate_ui_appkit.dylib in Embed Libraries */,
				BC4BDFD5B5F2AFDB7219D907 /* libnano_graphics_quartz2d.dylib in Embed Libraries */,
				5E00196C332DBF7EBA0AED53 /* libnano_idn_libidn.dylib in Embed Libraries */,
				AC518A7FFC5C123CFE9278FC /* libnano2d.dylib in Embed Libraries */,
				72060DB601A476E893A3F536 /* libnetworking_bsd.dylib in Embed Libraries */,
				E2F0419A5B71502B78E38380 /* libnode_macos.dylib in Embed Libraries */,
				A62B2C1782C3BBD0316F32F9 /* liboperating_ambient_macos.dylib in Embed Libraries */,
				41FE1BDFB3EF51BA36ED9A4E /* libssl.dylib in Embed Libraries */,
				48C2FE8A56ECAA86EBA3CA43 /* libunac.dylib in Embed Libraries */,
				574E27A1B7497129BABFB0D3 /* libwindowing_macos.dylib in Embed Libraries */,
				FF5A06B6715B221110FA18B0 /* libwrite_text_quartz2d.dylib in Embed Libraries */,
			);
			name = "Embed Libraries";
			runOnlyForDeploymentPostprocessing = 0;
		};
/* End PBXCopyFilesBuildPhase section */

/* Begin PBXFileReference section */
		4344E1A410AF6C82C40A6BD8 /* _app_complex_form.app */ = {isa = PBXFileReference; explicitFileType = wrapper.application; includeInIndex = 0; path = _app_complex_form.app; sourceTree = BUILT_PRODUCTS_DIR; };
		E3A760738F419172BFC578FE /* Hello Multiverse!!Tests.xctest */ = {isa = PBXFileReference; explicitFileType = wrapper.cfbundle; includeInIndex = 0; path = "Hello Multiverse!!Tests.xctest"; sourceTree = BUILT_PRODUCTS_DIR; };
		9BD00C518F2AB8BBE4589624 /* en */ = {isa = PBXFileReference; lastKnownFileType = text.plist.strings; name = en; path = InfoPlist.strings; sourceTree = "<group>"; };
		975B36E6A8C757AC97F8FD3D /* libnano_dynamic_library_dyld.dylib */ = {isa = PBXFileReference; explicitFileType = "compiled.mach-o.dylib"; path = libnano_dynamic_library_dyld.dylib; sourceTree = BUILT_PRODUCTS_DIR; };
		A3ED3EB27905ACF138FFA389 /* libbred.dylib */ = {isa = PBXFileReference; explicitFileType = "compiled.mach-o.dylib"; path = libbred.dylib; sourceTree = BUILT_PRODUCTS_DIR; };
		0F2A3705F3B157FACB590BB8 /* libacme.dylib */ = {isa = PBXFileReference; lastKnownFileType = "compiled.mach-o.dylib"; path = libacme.dylib; sourceTree = "<group>"; };
		264E6C1D3C62DDE0995FE664 /* libacme_apple.dylib */ = {isa = PBXFileReference; lastKnownFileType = "compiled.mach-o.dylib"; path = libacme_apple.dylib; sourceTree = "<group>"; };
		7323E7D1B52C3B7C57F878B0 /* libacme_darwin.dylib */ = {isa = PBXFileReference; lastKnownFileType = "compiled.mach-o.dylib"; path = libacme_darwin.dylib; sourceTree = "<group>"; };
		9A1F68FB498B65F025F55664 /* libacme_macos.dylib */ = {isa = PBXFileReference; lastKnownFileType = "compiled.mach-o.dylib"; path = libacme_macos.dylib; sourceTree = "<group>"; };
		312B42982413D3491F08B183 /* libacme_posix.dylib */ = {isa = PBXFileReference; lastKnownFileType = "compiled.mach-o.dylib"; path = libacme_posix.dylib; sourceTree = "<group>"; };
		BF38376591510BB9D658DF15 /* libacme_windowing_appkit.dylib */ = {isa = PBXFileReference; lastKnownFileType = "compiled.mach-o.dylib"; path = libacme_windowing_appkit.dylib; sourceTree = "<group>"; };
		D28D8E80FB6180897FF8A916 /* libacme_windowing_kit.dylib */ = {isa = PBXFileReference; lastKnownFileType = "compiled.mach-o.dylib"; path = libacme_windowing_kit.dylib; sourceTree = "<group>"; };
		8ACFE1D61BDB5E8F91DDDAA4 /* libapex.dylib */ = {isa = PBXFileReference; lastKnownFileType = "compiled.mach-o.dylib"; path = libapex.dylib; sourceTree = "<group>"; };
		80A93ED412910C85FBD4CEDE /* libapex_apple.dylib */ = {isa = PBXFileReference; lastKnownFileType = "compiled.mach-o.dylib"; path = libapex_apple.dylib; sourceTree = "<group>"; };
		64495CD0E30354FDD651A46D /* libapex_darwin.dylib */ = {isa = PBXFileReference; lastKnownFileType = "compiled.mach-o.dylib"; path = libapex_darwin.dylib; sourceTree = "<group>"; };
		B26516086CD5BB9801292CF6 /* libapex_macos.dylib */ = {isa = PBXFileReference; lastKnownFileType = "compiled.mach-o.dylib"; path = libapex_macos.dylib; sourceTree = "<group>"; };
		2E2956688FA25DB73F8E4A1E /* libapex_posix.dylib */ = {isa = PBXFileReference; lastKnownFileType = "compiled.mach-o.dylib"; path = libapex_posix.dylib; sourceTree = "<group>"; };
		9784660EDFCB13977AD89731 /* libapp_complex_form.dylib */ = {isa = PBXFileReference; lastKnownFileType = "compiled.mach-o.dylib"; path = libapp_complex_form.dylib; sourceTree = "<group>"; };
		319D34269BC82AA3115A971A /* libapp_simple_form.dylib */ = {isa = PBXFileReference; lastKnownFileType = "compiled.mach-o.dylib"; path = libapp_simple_form.dylib; sourceTree = "<group>"; };
		C6936B1962261F3A1EB5BAED /* libappkit.dylib */ = {isa = PBXFileReference; lastKnownFileType = "compiled.mach-o.dylib"; path = libappkit.dylib; sourceTree = "<group>"; };
		4185D1D7CBA9C4EB2539A781 /* libaqua.dylib */ = {isa = PBXFileReference; lastKnownFileType = "compiled.mach-o.dylib"; path = libaqua.dylib; sourceTree = "<group>"; };
		81EDEFAFEC6C9F6383EC654E /* libarchive.dylib */ = {isa = PBXFileReference; lastKnownFileType = "compiled.mach-o.dylib"; path = libarchive.dylib; sourceTree = "<group>"; };
		4CC8D13E153E49132824901B /* libaura.dylib */ = {isa = PBXFileReference; lastKnownFileType = "compiled.mach-o.dylib"; path = libaura.dylib; sourceTree = "<group>"; };
		62B04CDB89D3EB3D145108F6 /* libaura_apple.dylib */ = {isa = PBXFileReference; lastKnownFileType = "compiled.mach-o.dylib"; path = libaura_apple.dylib; sourceTree = "<group>"; };
		027EA56913A6F44640AC1CC8 /* libaura_darwin.dylib */ = {isa = PBXFileReference; lastKnownFileType = "compiled.mach-o.dylib"; path = libaura_darwin.dylib; sourceTree = "<group>"; };
		4450FCF2F6B1357F3A8D21AD /* libaura_macos.dylib */ = {isa = PBXFileReference; lastKnownFileType = "compiled.mach-o.dylib"; path = libaura_macos.dylib; sourceTree = "<group>"; };
		5D835D1DD4E14D05F646A203 /* libaura_posix.dylib */ = {isa = PBXFileReference; lastKnownFileType = "compiled.mach-o.dylib"; path = libaura_posix.dylib; sourceTree = "<group>"; };
		2361BDECC0596C378DB49189 /* libaxis.dylib */ = {isa = PBXFileReference; lastKnownFileType = "compiled.mach-o.dylib"; path = libaxis.dylib; sourceTree = "<group>"; };
		76789857804A92D4791C8C96 /* libberg.dylib */ = {isa = PBXFileReference; lastKnownFileType = "compiled.mach-o.dylib"; path = libberg.dylib; sourceTree = "<group>"; };
		7C7AF009E419FADD844305E5 /* libbred.dylib */ = {isa = PBXFileReference; lastKnownFileType = "compiled.mach-o.dylib"; path = libbred.dylib; sourceTree = "<group>"; };
		8A305D0136A6EC4F1A6DDFD4 /* libcore.dylib */ = {isa = PBXFileReference; lastKnownFileType = "compiled.mach-o.dylib"; path = libcore.dylib; sourceTree = "<group>"; };
		7B42F5B853A68850C6833BCB /* libcore_foundation.dylib */ = {isa = PBXFileReference; lastKnownFileType = "compiled.mach-o.dylib"; path = libcore_foundation.dylib; sourceTree = "<group>"; };
		8331BA2AB091068DDEDA548F /* libcore_graphics.dylib */ = {isa = PBXFileReference; lastKnownFileType = "compiled.mach-o.dylib"; path = libcore_graphics.dylib; sourceTree = "<group>"; };
		65FD29B933E974BFBAC1E0E2 /* libcrypto.dylib */ = {isa = PBXFileReference; lastKnownFileType = "compiled.mach-o.dylib"; path = libcrypto.dylib; sourceTree = "<group>"; };
		82CAAAA39364865783488CC5 /* libcrypto_openssl.dylib */ = {isa = PBXFileReference; lastKnownFileType = "compiled.mach-o.dylib"; path = libcrypto_openssl.dylib; sourceTree = "<group>"; };
		A12429B645F28EFA57F82882 /* libdarwin.dylib */ = {isa = PBXFileReference; lastKnownFileType = "compiled.mach-o.dylib"; path = libdarwin.dylib; sourceTree = "<group>"; };
		D1B15AE98EE019F473B91D63 /* libdatabase_sqlite3.dylib */ = {isa = PBXFileReference; lastKnownFileType = "compiled.mach-o.dylib"; path = libdatabase_sqlite3.dylib; sourceTree = "<group>"; };
		BD60F569C9BC2902B75CBC1F /* libdraw2d_quartz2d.dylib */ = {isa = PBXFileReference; lastKnownFileType = "compiled.mach-o.dylib"; path = libdraw2d_quartz2d.dylib; sourceTree = "<group>"; };
		008021625C8C6666421FE659 /* libexperience_core.dylib */ = {isa = PBXFileReference; lastKnownFileType = "compiled.mach-o.dylib"; path = libexperience_core.dylib; sourceTree = "<group>"; };
		6E6487E40C473161FD43D76C /* libexperience_tranquillum.dylib */ = {isa = PBXFileReference; lastKnownFileType = "compiled.mach-o.dylib"; path = libexperience_tranquillum.dylib; sourceTree = "<group>"; };
		29EA43683A279B25CDDA2EA5 /* libfolder_zip.dylib */ = {isa = PBXFileReference; lastKnownFileType = "compiled.mach-o.dylib"; path = libfolder_zip.dylib; sourceTree = "<group>"; };
		14FE6D73FD8F3A5400C04F68 /* libidn.dylib */ = {isa = PBXFileReference; lastKnownFileType = "compiled.mach-o.dylib"; path = libidn.dylib; sourceTree = "<group>"; };
		31EC28D0CA9E5EE4C7D6D998 /* libimaging_coreimage.dylib */ = {isa = PBXFileReference; lastKnownFileType = "compiled.mach-o.dylib"; path = libimaging_coreimage.dylib; sourceTree = "<group>"; };
		3AD8A121DE91CF2748ECC4C3 /* libinnate_ui_appkit.dylib */ = {isa = PBXFileReference; lastKnownFileType = "compiled.mach-o.dylib"; path = libinnate_ui_appkit.dylib; sourceTree = "<group>"; };
		BDCDCF1E4B2A128168738EA6 /* libnano_graphics_quartz2d.dylib */ = {isa = PBXFileReference; lastKnownFileType = "compiled.mach-o.dylib"; path = libnano_graphics_quartz2d.dylib; sourceTree = "<group>"; };
		61802C4B971B597CF517613C /* libnano_idn_libidn.dylib */ = {isa = PBXFileReference; lastKnownFileType = "compiled.mach-o.dylib"; path = libnano_idn_libidn.dylib; sourceTree = "<group>"; };
		B007C5126D8F5E9249176D12 /* libnano2d.dylib */ = {isa = PBXFileReference; lastKnownFileType = "compiled.mach-o.dylib"; path = libnano2d.dylib; sourceTree = "<group>"; };
		64F0667DE331DE882305495F /* libnetworking_bsd.dylib */ = {isa = PBXFileReference; lastKnownFileType = "compiled.mach-o.dylib"; path = libnetworking_bsd.dylib; sourceTree = "<group>"; };
		96C81B052B3111E6E5334B29 /* libnode_macos.dylib */ = {isa = PBXFileReference; lastKnownFileType = "compiled.mach-o.dylib"; path = libnode_macos.dylib; sourceTree = "<group>"; };
		2CFC5BB638BBFDDD57C9EB8F /* liboperating_ambient_macos.dylib */ = {isa = PBXFileReference; lastKnownFileType = "compiled.mach-o.dylib"; path = liboperating_ambient_macos.dylib; sourceTree = "<group>"; };
		66DFA2BD8950891E5573D260 /* libssl.dylib */ = {isa = PBXFileReference; lastKnownFileType = "compiled.mach-o.dylib"; path = libssl.dylib; sourceTree = "<group>"; };
		2D086DA013BF686DBAF387F3 /* libunac.dylib */ = {isa = PBXFileReference; lastKnownFileType = "compiled.mach-o.dylib"; path = libunac.dylib; sourceTree = "<group>"; };
		6A9427B98171D16A77FCFDE8 /* libwindowing_macos.dylib */ = {isa = PBXFileReference; lastKnownFileType = "compiled.mach-o.dylib"; path = libwindowing_macos.dylib; sourceTree = "<group>"; };
		CC8AC211B0E6CB7D913E9A51 /* libwrite_text_quartz2d.dylib */ = {isa = PBXFileReference; lastKnownFileType = "compiled.mach-o.dylib"; path = libwrite_text_quartz2d.dylib; sourceTree = "<group>"; };
		E3AB862F4305DEF9B2B019CC /* _____debug_application.xcconfig */ = {isa = PBXFileReference; lastKnownFileType = text.xcconfig; path = "_____debug_application.xcconfig"; sourceTree = "<group>"; };
		990C4C98017FFFB04C1F2B8B /* _____release_application.xcconfig */ = {isa = PBXFileReference; lastKnownFileType = text.xcconfig; path = "_____release_application.xcconfig"; sourceTree = "<group>"; };
		A50B516BDECA7BAA7D14F68A /* libunac.dylib */ = {isa = PBXFileReference; explicitFileType = "compiled.mach-o.dylib"; path = libunac.dylib; sourceTree = BUILT_PRODUCTS_DIR; };
		05FFC4CD4B8126EC25F41974 /* Images.xcassets */ = {isa = PBXFileReference; lastKnownFileType = folder.assetcatalog; path = Images.xcassets; sourceTree = "<group>"; };
		842CE5B7D0878039297C84EE /* Info.plist */ = {isa = PBXFileReference; fileEncoding = 4; lastKnownFileType = text.plist.xml; path = Info.plist; sourceTree = "<group>"; };
		0D3B05EAC017302F2261FFBA /* _matter.zip */ = {isa = PBXFileReference; lastKnownFileType = archive.zip; path = _matter.zip; sourceTree = "<group>"; };
		209AF08AEBAFFA2F4E2C13FB /* libfolder_zip.dylib */ = {isa = PBXFileReference; explicitFileType = "compiled.mach-o.dylib"; path = libfolder_zip.dylib; sourceTree = BUILT_PRODUCTS_DIR; };
		06C1B1021BEB317643C42A1E /* libcrypto.dylib */ = {isa = PBXFileReference; lastKnownFileType = "compiled.mach-o.dylib"; name = libcrypto.dylib; path = "../../../../../operating_system/storage-macos/Debug/library/libcrypto.dylib"; sourceTree = "<group>"; };
		A793940F08E36EBA203CD3FD /* libssl.dylib */ = {isa = PBXFileReference; lastKnownFileType = "compiled.mach-o.dylib"; name = libssl.dylib; path = "../../../../../operating_system/storage-macos/Debug/library/libssl.dylib"; sourceTree = "<group>"; };
		5F38EB7E81012C4185A04A1D /* _____debug.xcconfig */ = {isa = PBXFileReference; fileEncoding = 4; lastKnownFileType = text.xcconfig; name = "_____debug.xcconfig"; path = "../_____debug.xcconfig"; sourceTree = "<group>"; };
		B9212FFF88969542D97011F8 /* _____release.xcconfig */ = {isa = PBXFileReference; fileEncoding = 4; lastKnownFileType = text.xcconfig; name = "_____release.xcconfig"; path = "../_____release.xcconfig"; sourceTree = "<group>"; };
		3B266A89EABD8542B389EBF7 /* libarchive.dylib */ = {isa = PBXFileReference; explicitFileType = "compiled.mach-o.dylib"; path = libarchive.dylib; sourceTree = BUILT_PRODUCTS_DIR; };
		D8EA02976E6B4AB9F0A0AB0A /* libdarwin.dylib */ = {isa = PBXFileReference; explicitFileType = "compiled.mach-o.dylib"; path = libdarwin.dylib; sourceTree = BUILT_PRODUCTS_DIR; };
		411D5718E55502572E616B23 /* main.cpp */ = {isa = PBXFileReference; fileEncoding = 4; lastKnownFileType = sourcecode.cpp.cpp; path = main.cpp; sourceTree = "<group>"; };
		978853B74288CB0E4B603AF8 /* libacme_darwin.dylib */ = {isa = PBXFileReference; explicitFileType = "compiled.mach-o.dylib"; path = libacme_darwin.dylib; sourceTree = BUILT_PRODUCTS_DIR; };
		55E1B4895E38FC61D7ED9D19 /* libapex_darwin.dylib */ = {isa = PBXFileReference; explicitFileType = "compiled.mach-o.dylib"; path = libapex_darwin.dylib; sourceTree = BUILT_PRODUCTS_DIR; };
		5AFEA6971219ECEA8CCCC9CE /* libaura_darwin.dylib */ = {isa = PBXFileReference; explicitFileType = "compiled.mach-o.dylib"; path = libaura_darwin.dylib; sourceTree = BUILT_PRODUCTS_DIR; };
		AD4E744E0A903BC58C86B65D /* libcore.dylib */ = {isa = PBXFileReference; explicitFileType = "compiled.mach-o.dylib"; path = libcore.dylib; sourceTree = BUILT_PRODUCTS_DIR; };
		AF4323BD060F8BFC8FBA18F9 /* libapp_simple_form.dylib */ = {isa = PBXFileReference; explicitFileType = "compiled.mach-o.dylib"; path = libapp_simple_form.dylib; sourceTree = BUILT_PRODUCTS_DIR; };
		710E09A29C7AEA43C738A6D5 /* en.lproj */ = {isa = PBXFileReference; lastKnownFileType = folder; path = en.lproj; sourceTree = "<group>"; };
		AD28721B07CD1FEDCB0B476D /* libacme_windowing_appkit.dylib */ = {isa = PBXFileReference; explicitFileType = "compiled.mach-o.dylib"; path = libacme_windowing_appkit.dylib; sourceTree = BUILT_PRODUCTS_DIR; };
		EB40EE7C410A437F97EE23B0 /* libacme_windowing_kit.dylib */ = {isa = PBXFileReference; explicitFileType = "compiled.mach-o.dylib"; path = libacme_windowing_kit.dylib; sourceTree = BUILT_PRODUCTS_DIR; };
		7499BDD0E120590E1B934E61 /* libinnate_ui_appkit.dylib */ = {isa = PBXFileReference; explicitFileType = "compiled.mach-o.dylib"; path = libinnate_ui_appkit.dylib; sourceTree = BUILT_PRODUCTS_DIR; };
		DB505CA5E14240E20228AAED /* libnano_graphics_quartz2d.dylib */ = {isa = PBXFileReference; explicitFileType = "compiled.mach-o.dylib"; path = libnano_graphics_quartz2d.dylib; sourceTree = BUILT_PRODUCTS_DIR; };
		3352EAA1035D6FFF571044E7 /* libacme.dylib */ = {isa = PBXFileReference; explicitFileType = "compiled.mach-o.dylib"; path = libacme.dylib; sourceTree = BUILT_PRODUCTS_DIR; };
		03780F6794A5C7CD52631663 /* libapex.dylib */ = {isa = PBXFileReference; explicitFileType = "compiled.mach-o.dylib"; path = libapex.dylib; sourceTree = BUILT_PRODUCTS_DIR; };
		4EDD0B163A31984CDDD19031 /* libacme_apple.dylib */ = {isa = PBXFileReference; explicitFileType = "compiled.mach-o.dylib"; path = libacme_apple.dylib; sourceTree = BUILT_PRODUCTS_DIR; };
		AF86427F08A2295B2F0E0CAC /* libacme_macos.dylib */ = {isa = PBXFileReference; explicitFileType = "compiled.mach-o.dylib"; path = libacme_macos.dylib; sourceTree = BUILT_PRODUCTS_DIR; };
		D505171D7C364A0574940A43 /* libacme_posix.dylib */ = {isa = PBXFileReference; explicitFileType = "compiled.mach-o.dylib"; path = libacme_posix.dylib; sourceTree = BUILT_PRODUCTS_DIR; };
		D08581D7315C2EBE37FC8F2F /* libapex_apple.dylib */ = {isa = PBXFileReference; explicitFileType = "compiled.mach-o.dylib"; path = libapex_apple.dylib; sourceTree = BUILT_PRODUCTS_DIR; };
		128DD6CFA132CC6E4E79BDAC /* libapex_macos.dylib */ = {isa = PBXFileReference; explicitFileType = "compiled.mach-o.dylib"; path = libapex_macos.dylib; sourceTree = BUILT_PRODUCTS_DIR; };
		6DDB858ED53A6D8FFB1DA9E8 /* libapex_posix.dylib */ = {isa = PBXFileReference; explicitFileType = "compiled.mach-o.dylib"; path = libapex_posix.dylib; sourceTree = BUILT_PRODUCTS_DIR; };
		869EA625975B1477BABD8218 /* libaqua.dylib */ = {isa = PBXFileReference; explicitFileType = "compiled.mach-o.dylib"; path = libaqua.dylib; sourceTree = BUILT_PRODUCTS_DIR; };
		8C2B726E38BEB2A433AE2B99 /* libaura.dylib */ = {isa = PBXFileReference; explicitFileType = "compiled.mach-o.dylib"; path = libaura.dylib; sourceTree = BUILT_PRODUCTS_DIR; };
		4447A27C3CE8C7F42258B77F /* libaura_apple.dylib */ = {isa = PBXFileReference; explicitFileType = "compiled.mach-o.dylib"; path = libaura_apple.dylib; sourceTree = BUILT_PRODUCTS_DIR; };
		429B1E388F7A356ADDAE50C5 /* libaura_macos.dylib */ = {isa = PBXFileReference; explicitFileType = "compiled.mach-o.dylib"; path = libaura_macos.dylib; sourceTree = BUILT_PRODUCTS_DIR; };
		82004313F466255B6F46740A /* libaura_posix.dylib */ = {isa = PBXFileReference; explicitFileType = "compiled.mach-o.dylib"; path = libaura_posix.dylib; sourceTree = BUILT_PRODUCTS_DIR; };
		83F92AA2B468C484A95E8A10 /* libaxis.dylib */ = {isa = PBXFileReference; explicitFileType = "compiled.mach-o.dylib"; path = libaxis.dylib; sourceTree = BUILT_PRODUCTS_DIR; };
		63F057A85805B4E1BBE34100 /* libberg.dylib */ = {isa = PBXFileReference; explicitFileType = "compiled.mach-o.dylib"; path = libberg.dylib; sourceTree = BUILT_PRODUCTS_DIR; };
		B8C271DC1D99DDC630BEBCD2 /* libidn.dylib */ = {isa = PBXFileReference; explicitFileType = "compiled.mach-o.dylib"; path = libidn.dylib; sourceTree = BUILT_PRODUCTS_DIR; };
		5215170CA0CE8A35E9DEF28A /* libwindowing_macos.dylib */ = {isa = PBXFileReference; explicitFileType = "compiled.mach-o.dylib"; path = libwindowing_macos.dylib; sourceTree = BUILT_PRODUCTS_DIR; };
		D0DE9CD8F3BF1F135FA6D514 /* libnode_macos.dylib */ = {isa = PBXFileReference; explicitFileType = "compiled.mach-o.dylib"; path = libnode_macos.dylib; sourceTree = BUILT_PRODUCTS_DIR; };
/* End PBXFileReference section */

/* Begin PBXFrameworksBuildPhase section */
		A557431773CBE92E95FD4146 /* Frameworks */ = {
			isa = PBXFrameworksBuildPhase;
			buildActionMask = 2147483647;
			files = (
				1B27C5BBB949365EBD58D619 /* libapp_complex_form.dylib in Frameworks */,
				C0CD434F032ACFB5BD180D55 /* libaura.dylib in Frameworks */,
				E82396A4343C7F6C0DD2B23A /* libaqua.dylib in Frameworks */,
				2067376FA201BE79D2C32BDA /* libacme.dylib in Frameworks */,
				DB457477D35A8E8E5FC39532 /* libapex.dylib in Frameworks */,
				0692F412358DFE1CE597625E /* libapp_simple_form.dylib in Frameworks */,
			);
			runOnlyForDeploymentPostprocessing = 0;
		};
		6DB9E1B7F1BE0A9D1C0B6209 /* Frameworks */ = {
			isa = PBXFrameworksBuildPhase;
			buildActionMask = 2147483647;
			files = (
			);
			runOnlyForDeploymentPostprocessing = 0;
		};
/* End PBXFrameworksBuildPhase section */

/* Begin PBXGroup section */
		447DFBA56A2B9A8224FEEE2F = {
			isa = PBXGroup;
			children = (
				C9F247F826103D4F70537798 /* time-macos */,
				03785CDC6EC866DEA7BA997E /* __implement */,
				16B0B7FA0D837F9E5947E33B /* Products */,
				A3897F06249F269F2A7418A2 /* Frameworks */,
				E6D4123C16B8ACC42269813E /* Library */,
				70F2D5C3A55EF2BE14353E4A /* Supporting Files */,
			);
			sourceTree = "<group>";
		};
		16B0B7FA0D837F9E5947E33B /* Products */ = {
			isa = PBXGroup;
			children = (
				4344E1A410AF6C82C40A6BD8 /* _app_complex_form.app */,
				E3A760738F419172BFC578FE /* Hello Multiverse!!Tests.xctest */,
			);
			name = Products;
			sourceTree = "<group>";
		};
		B8E44C398BEB8951A7C38858 /* en.lproj */ = {
			isa = PBXGroup;
			children = (
				8232333F67DA52BF61238FBD /* InfoPlist.strings */,
			);
			path = en.lproj;
			sourceTree = "<group>";
		};
		E6D4123C16B8ACC42269813E /* Library */ = {
			isa = PBXGroup;
			children = (
			);
			name = Library;
			sourceTree = "<group>";
		};
		C9F247F826103D4F70537798 /* time-macos */ = {
			isa = PBXGroup;
			children = (
				0F2A3705F3B157FACB590BB8 /* libacme.dylib */,
				264E6C1D3C62DDE0995FE664 /* libacme_apple.dylib */,
				7323E7D1B52C3B7C57F878B0 /* libacme_darwin.dylib */,
				9A1F68FB498B65F025F55664 /* libacme_macos.dylib */,
				312B42982413D3491F08B183 /* libacme_posix.dylib */,
				BF38376591510BB9D658DF15 /* libacme_windowing_appkit.dylib */,
				D28D8E80FB6180897FF8A916 /* libacme_windowing_kit.dylib */,
				8ACFE1D61BDB5E8F91DDDAA4 /* libapex.dylib */,
				80A93ED412910C85FBD4CEDE /* libapex_apple.dylib */,
				64495CD0E30354FDD651A46D /* libapex_darwin.dylib */,
				B26516086CD5BB9801292CF6 /* libapex_macos.dylib */,
				2E2956688FA25DB73F8E4A1E /* libapex_posix.dylib */,
				9784660EDFCB13977AD89731 /* libapp_complex_form.dylib */,
				319D34269BC82AA3115A971A /* libapp_simple_form.dylib */,
				C6936B1962261F3A1EB5BAED /* libappkit.dylib */,
				4185D1D7CBA9C4EB2539A781 /* libaqua.dylib */,
				81EDEFAFEC6C9F6383EC654E /* libarchive.dylib */,
				4CC8D13E153E49132824901B /* libaura.dylib */,
				62B04CDB89D3EB3D145108F6 /* libaura_apple.dylib */,
				027EA56913A6F44640AC1CC8 /* libaura_darwin.dylib */,
				4450FCF2F6B1357F3A8D21AD /* libaura_macos.dylib */,
				5D835D1DD4E14D05F646A203 /* libaura_posix.dylib */,
				2361BDECC0596C378DB49189 /* libaxis.dylib */,
				76789857804A92D4791C8C96 /* libberg.dylib */,
				7C7AF009E419FADD844305E5 /* libbred.dylib */,
				8A305D0136A6EC4F1A6DDFD4 /* libcore.dylib */,
				7B42F5B853A68850C6833BCB /* libcore_foundation.dylib */,
				8331BA2AB091068DDEDA548F /* libcore_graphics.dylib */,
				65FD29B933E974BFBAC1E0E2 /* libcrypto.dylib */,
				82CAAAA39364865783488CC5 /* libcrypto_openssl.dylib */,
				A12429B645F28EFA57F82882 /* libdarwin.dylib */,
				D1B15AE98EE019F473B91D63 /* libdatabase_sqlite3.dylib */,
				BD60F569C9BC2902B75CBC1F /* libdraw2d_quartz2d.dylib */,
				008021625C8C6666421FE659 /* libexperience_core.dylib */,
				6E6487E40C473161FD43D76C /* libexperience_tranquillum.dylib */,
				29EA43683A279B25CDDA2EA5 /* libfolder_zip.dylib */,
				14FE6D73FD8F3A5400C04F68 /* libidn.dylib */,
				31EC28D0CA9E5EE4C7D6D998 /* libimaging_coreimage.dylib */,
				3AD8A121DE91CF2748ECC4C3 /* libinnate_ui_appkit.dylib */,
				BDCDCF1E4B2A128168738EA6 /* libnano_graphics_quartz2d.dylib */,
				61802C4B971B597CF517613C /* libnano_idn_libidn.dylib */,
				B007C5126D8F5E9249176D12 /* libnano2d.dylib */,
				64F0667DE331DE882305495F /* libnetworking_bsd.dylib */,
				96C81B052B3111E6E5334B29 /* libnode_macos.dylib */,
				2CFC5BB638BBFDDD57C9EB8F /* liboperating_ambient_macos.dylib */,
				66DFA2BD8950891E5573D260 /* libssl.dylib */,
				2D086DA013BF686DBAF387F3 /* libunac.dylib */,
				6A9427B98171D16A77FCFDE8 /* libwindowing_macos.dylib */,
				CC8AC211B0E6CB7D913E9A51 /* libwrite_text_quartz2d.dylib */,
			);
			path = "time-macos";
			sourceTree = "<group>";
		};
		03785CDC6EC866DEA7BA997E /* __implement */ = {
			isa = PBXGroup;
			children = (
				E3AB862F4305DEF9B2B019CC /* _____debug_application.xcconfig */,
				990C4C98017FFFB04C1F2B8B /* _____release_application.xcconfig */,
				5F38EB7E81012C4185A04A1D /* _____debug.xcconfig */,
				B9212FFF88969542D97011F8 /* _____release.xcconfig */,
				411D5718E55502572E616B23 /* main.cpp */,
				0D3B05EAC017302F2261FFBA /* _matter.zip */,
				63D7BF4353E5204871F1594C /* macos */,
			);
			name = __implement;
			sourceTree = "<group>";
		};
		63D7BF4353E5204871F1594C /* macos */ = {
			isa = PBXGroup;
			children = (
				B8E44C398BEB8951A7C38858 /* en.lproj */,
				05FFC4CD4B8126EC25F41974 /* Images.xcassets */,
				842CE5B7D0878039297C84EE /* Info.plist */,
			);
			path = macos;
			sourceTree = "<group>";
		};
		A3897F06249F269F2A7418A2 /* Frameworks */ = {
			isa = PBXGroup;
			children = (
				DB505CA5E14240E20228AAED /* libnano_graphics_quartz2d.dylib */,
				7499BDD0E120590E1B934E61 /* libinnate_ui_appkit.dylib */,
				AD28721B07CD1FEDCB0B476D /* libacme_windowing_appkit.dylib */,
				EB40EE7C410A437F97EE23B0 /* libacme_windowing_kit.dylib */,
				D0DE9CD8F3BF1F135FA6D514 /* libnode_macos.dylib */,
				975B36E6A8C757AC97F8FD3D /* libnano_dynamic_library_dyld.dylib */,
				3B266A89EABD8542B389EBF7 /* libarchive.dylib */,
				D8EA02976E6B4AB9F0A0AB0A /* libdarwin.dylib */,
				A50B516BDECA7BAA7D14F68A /* libunac.dylib */,
				978853B74288CB0E4B603AF8 /* libacme_darwin.dylib */,
				55E1B4895E38FC61D7ED9D19 /* libapex_darwin.dylib */,
				5AFEA6971219ECEA8CCCC9CE /* libaura_darwin.dylib */,
				A3ED3EB27905ACF138FFA389 /* libbred.dylib */,
				209AF08AEBAFFA2F4E2C13FB /* libfolder_zip.dylib */,
				AF4323BD060F8BFC8FBA18F9 /* libapp_simple_form.dylib */,
				AD4E744E0A903BC58C86B65D /* libcore.dylib */,
				D505171D7C364A0574940A43 /* libacme_posix.dylib */,
				D08581D7315C2EBE37FC8F2F /* libapex_apple.dylib */,
				128DD6CFA132CC6E4E79BDAC /* libapex_macos.dylib */,
				6DDB858ED53A6D8FFB1DA9E8 /* libapex_posix.dylib */,
				869EA625975B1477BABD8218 /* libaqua.dylib */,
				8C2B726E38BEB2A433AE2B99 /* libaura.dylib */,
				4447A27C3CE8C7F42258B77F /* libaura_apple.dylib */,
				429B1E388F7A356ADDAE50C5 /* libaura_macos.dylib */,
				82004313F466255B6F46740A /* libaura_posix.dylib */,
				83F92AA2B468C484A95E8A10 /* libaxis.dylib */,
				63F057A85805B4E1BBE34100 /* libberg.dylib */,
				B8C271DC1D99DDC630BEBCD2 /* libidn.dylib */,
				5215170CA0CE8A35E9DEF28A /* libwindowing_macos.dylib */,
				4EDD0B163A31984CDDD19031 /* libacme_apple.dylib */,
				AF86427F08A2295B2F0E0CAC /* libacme_macos.dylib */,
				3352EAA1035D6FFF571044E7 /* libacme.dylib */,
				03780F6794A5C7CD52631663 /* libapex.dylib */,
				06C1B1021BEB317643C42A1E /* libcrypto.dylib */,
				A793940F08E36EBA203CD3FD /* libssl.dylib */,
			);
			name = Frameworks;
			sourceTree = "<group>";
		};
		70F2D5C3A55EF2BE14353E4A /* Supporting Files */ = {
			isa = PBXGroup;
			children = (
				710E09A29C7AEA43C738A6D5 /* en.lproj */,
			);
			name = "Supporting Files";
			sourceTree = "<group>";
		};
/* End PBXGroup section */

/* Begin PBXNativeTarget section */
		A7D017985F0BF029FCDD5D29 /* _app_complex_form */ = {
			isa = PBXNativeTarget;
			buildConfigurationList = 6090DD3B46B9670899E69EB4 /* Build configuration list for PBXNativeTarget "_app_complex_form" */;
			buildPhases = (
				21E8B03318DB2E0BC7F5A451 /* Sources */,
				A557431773CBE92E95FD4146 /* Frameworks */,
				9A1280590E6072E238BDDAA8 /* Resources */,
				D50619714EA111DFC54D5EE5 /* Embed Libraries */,
			);
			buildRules = (
			);
			dependencies = (
			);
			name = _app_complex_form;
			productName = "Hello Multiverse!!";
			productReference = 4344E1A410AF6C82C40A6BD8 /* _app_complex_form.app */;
			productType = "com.apple.product-type.application";
		};
		3FB5875110B2007C7DAD4174 /* Hello Multiverse!!Tests */ = {
			isa = PBXNativeTarget;
			buildConfigurationList = E13620240913CF296E25CABC /* Build configuration list for PBXNativeTarget "Hello Multiverse!!Tests" */;
			buildPhases = (
				C6E0A1A313D41ABA6F98F9EC /* Sources */,
				6DB9E1B7F1BE0A9D1C0B6209 /* Frameworks */,
				8FAF83A46411F2C985CB62ED /* Resources */,
			);
			buildRules = (
			);
			dependencies = (
				224B5776A9B76EF981C93EA5 /* PBXTargetDependency */,
			);
			name = "Hello Multiverse!!Tests";
			productName = "Hello Multiverse!!Tests";
			productReference = E3A760738F419172BFC578FE /* Hello Multiverse!!Tests.xctest */;
			productType = "com.apple.product-type.bundle.unit-test";
		};
/* End PBXNativeTarget section */

/* Begin PBXProject section */
		0B724C9308C02E2D4AFBB992 /* Project object */ = {
			isa = PBXProject;
			attributes = {
				BuildIndependentTargetsInParallel = YES;
				LastUpgradeCheck = 1520;
				ORGANIZATIONNAME = "ca2 Software Development";
				TargetAttributes = {
					A7D017985F0BF029FCDD5D29 = {
						CreatedOnToolsVersion = 6.4;
						DevelopmentTeam = L8N5V6TZE5;
						ProvisioningStyle = Automatic;
					};
					3FB5875110B2007C7DAD4174 = {
						CreatedOnToolsVersion = 6.4;
						TestTargetID = A7D017985F0BF029FCDD5D29;
					};
				};
			};
			buildConfigurationList = 7433AFA6018EFF96E35AC1AC /* Build configuration list for PBXProject "app_complex_form" */;
			compatibilityVersion = "Xcode 12.0";
			developmentRegion = en;
			hasScannedForEncodings = 0;
			knownRegions = (
				en,
				Base,
			);
			mainGroup = 447DFBA56A2B9A8224FEEE2F;
			productRefGroup = 16B0B7FA0D837F9E5947E33B /* Products */;
			projectDirPath = "";
			projectRoot = "";
			targets = (
				A7D017985F0BF029FCDD5D29 /* _app_complex_form */,
				3FB5875110B2007C7DAD4174 /* Hello Multiverse!!Tests */,
			);
		};
/* End PBXProject section */

/* Begin PBXResourcesBuildPhase section */
		9A1280590E6072E238BDDAA8 /* Resources */ = {
			isa = PBXResourcesBuildPhase;
			buildActionMask = 2147483647;
			files = (
				063FC8C84A721FE6EFAE05C1 /* Images.xcassets in Resources */,
				05926D0C92655E87E6F63D7F /* _matter.zip in Resources */,
			);
			runOnlyForDeploymentPostprocessing = 0;
		};
		8FAF83A46411F2C985CB62ED /* Resources */ = {
			isa = PBXResourcesBuildPhase;
			buildActionMask = 2147483647;
			files = (
			);
			runOnlyForDeploymentPostprocessing = 0;
		};
/* End PBXResourcesBuildPhase section */

/* Begin PBXSourcesBuildPhase section */
		21E8B03318DB2E0BC7F5A451 /* Sources */ = {
			isa = PBXSourcesBuildPhase;
			buildActionMask = 2147483647;
			files = (
				CCFB828EED63DA5000F6C541 /* main.cpp in Sources */,
			);
			runOnlyForDeploymentPostprocessing = 0;
		};
		C6E0A1A313D41ABA6F98F9EC /* Sources */ = {
			isa = PBXSourcesBuildPhase;
			buildActionMask = 2147483647;
			files = (
			);
			runOnlyForDeploymentPostprocessing = 0;
		};
/* End PBXSourcesBuildPhase section */

/* Begin PBXTargetDependency section */
		224B5776A9B76EF981C93EA5 /* PBXTargetDependency */ = {
			isa = PBXTargetDependency;
			target = A7D017985F0BF029FCDD5D29 /* _app_complex_form */;
			targetProxy = B6152C6EA90B54428778A85A /* PBXContainerItemProxy */;
		};
/* End PBXTargetDependency section */

/* Begin PBXVariantGroup section */
		8232333F67DA52BF61238FBD /* InfoPlist.strings */ = {
			isa = PBXVariantGroup;
			children = (
				9BD00C518F2AB8BBE4589624 /* en */,
			);
			name = InfoPlist.strings;
			sourceTree = "<group>";
		};
/* End PBXVariantGroup section */

/* Begin XCBuildConfiguration section */
		E9CCA9603F2B61581F9A2EC8 /* Debug */ = {
			isa = XCBuildConfiguration;
			baseConfigurationReference = 5F38EB7E81012C4185A04A1D /* _____debug.xcconfig */;
			buildSettings = {
				ALWAYS_SEARCH_USER_PATHS = NO;
				ASSETCATALOG_COMPILER_GENERATE_SWIFT_ASSET_SYMBOL_EXTENSIONS = YES;
				CLANG_ANALYZER_LOCALIZABILITY_NONLOCALIZED = YES;
				CLANG_CXX_LANGUAGE_STANDARD = "c++20";
				CLANG_ENABLE_OBJC_ARC = YES;
				CLANG_WARN_BLOCK_CAPTURE_AUTORELEASING = YES;
				CLANG_WARN_BOOL_CONVERSION = YES;
				CLANG_WARN_COMMA = YES;
				CLANG_WARN_CONSTANT_CONVERSION = YES;
				CLANG_WARN_DEPRECATED_OBJC_IMPLEMENTATIONS = YES;
				CLANG_WARN_DIRECT_OBJC_ISA_USAGE = YES_ERROR;
				CLANG_WARN_EMPTY_BODY = YES;
				CLANG_WARN_ENUM_CONVERSION = YES;
				CLANG_WARN_INFINITE_RECURSION = YES;
				CLANG_WARN_INT_CONVERSION = YES;
				CLANG_WARN_NON_LITERAL_NULL_CONVERSION = YES;
				CLANG_WARN_OBJC_IMPLICIT_RETAIN_SELF = YES;
				CLANG_WARN_OBJC_LITERAL_CONVERSION = YES;
				CLANG_WARN_OBJC_ROOT_CLASS = YES_ERROR;
				CLANG_WARN_QUOTED_INCLUDE_IN_FRAMEWORK_HEADER = YES;
				CLANG_WARN_RANGE_LOOP_ANALYSIS = YES;
				CLANG_WARN_STRICT_PROTOTYPES = YES;
				CLANG_WARN_SUSPICIOUS_MOVE = YES;
				CLANG_WARN_UNREACHABLE_CODE = YES;
				CLANG_WARN__DUPLICATE_METHOD_MATCH = YES;
				CODE_SIGN_IDENTITY = "Mac Developer";
				CODE_SIGN_STYLE = Automatic;
				COPY_PHASE_STRIP = NO;
				DEAD_CODE_STRIPPING = YES;
				DEBUG_INFORMATION_FORMAT = dwarf;
				ENABLE_HARDENED_RUNTIME = YES;
				ENABLE_STRICT_OBJC_MSGSEND = YES;
				ENABLE_TESTABILITY = YES;
				ENABLE_USER_SCRIPT_SANDBOXING = YES;
				GCC_C_LANGUAGE_STANDARD = c11;
				GCC_DYNAMIC_NO_PIC = NO;
				GCC_NO_COMMON_BLOCKS = YES;
				GCC_OPTIMIZATION_LEVEL = 0;
				GCC_PREPROCESSOR_DEFINITIONS = "$(inherited)";
				GCC_SYMBOLS_PRIVATE_EXTERN = NO;
				GCC_WARN_64_TO_32_BIT_CONVERSION = YES;
				GCC_WARN_ABOUT_RETURN_TYPE = YES_ERROR;
				GCC_WARN_UNDECLARED_SELECTOR = YES;
				GCC_WARN_UNINITIALIZED_AUTOS = YES_AGGRESSIVE;
				GCC_WARN_UNUSED_FUNCTION = YES;
				GCC_WARN_UNUSED_VARIABLE = YES;
				HEADER_SEARCH_PATHS = "";
				LIBRARY_SEARCH_PATHS = (
					"$(inherited)",
					"$(WorkspaceDir)/operating_system",
					"$(WorkspaceDir)/../operating_system/storage-$(PLATFORM_MODIFIER)/$(CONFIGURATION)/library",
				);
				ONLY_ACTIVE_ARCH = YES;
				PLATFORM_MODIFIER = macos;
				PRODUCT_NAME = "$(TARGET_NAME)";
				PROVISIONING_PROFILE_SPECIFIER = "";
				SDKROOT = macosx;
				SYSTEM_HEADER_SEARCH_PATHS = (
					"$(WorkspaceDir)/operating_system/operating_system-$(PLATFORM_MODIFIER)/include",
					"$(WorkspaceDir)/operating_system/operating_system-$(PLATFORM_MODIFIER)/configuration",
					"$(WorkspaceDir)/port/include",
					"$(WorkspaceDir)/source/app/include",
				);
				USER_HEADER_SEARCH_PATHS = (
					.,
					"$(WorkspaceDir)/source",
					"$(WorkspaceDir)/source/app",
					"$(WorkspaceDir)/source/app/_include",
					"$(WorkspaceDir)/operating_system",
					"$(WorkspaceDir)/operating_system/operating_system-$(PLATFORM_MODIFIER)",
					"$(WorkspaceDir)/operating_system/operating_system-$(PLATFORM_MODIFIER)/configuration_selection/$(CONFIGURATION)",
					"$(WorkspaceDir)/port/_",
					"$(PROJECT_DIR)",
					"$(PROJECT_DIR)/..",
					"$(PROJECT_DIR)/../..",
					"$(HOME)/sensitive/sensitive/include",
				);
				USE_HEADERMAP = NO;
				WorkspaceDir = "$(SRCROOT)/../../../..";
			};
			name = Debug;
		};
		ABFB4A1B79E0448EB42293CE /* Release */ = {
			isa = XCBuildConfiguration;
			baseConfigurationReference = B9212FFF88969542D97011F8 /* _____release.xcconfig */;
			buildSettings = {
				ALWAYS_SEARCH_USER_PATHS = NO;
				ASSETCATALOG_COMPILER_GENERATE_SWIFT_ASSET_SYMBOL_EXTENSIONS = YES;
				CLANG_ANALYZER_LOCALIZABILITY_NONLOCALIZED = YES;
				CLANG_CXX_LANGUAGE_STANDARD = "c++20";
				CLANG_ENABLE_OBJC_ARC = YES;
				CLANG_WARN_BLOCK_CAPTURE_AUTORELEASING = YES;
				CLANG_WARN_BOOL_CONVERSION = YES;
				CLANG_WARN_COMMA = YES;
				CLANG_WARN_CONSTANT_CONVERSION = YES;
				CLANG_WARN_DEPRECATED_OBJC_IMPLEMENTATIONS = YES;
				CLANG_WARN_DIRECT_OBJC_ISA_USAGE = YES_ERROR;
				CLANG_WARN_EMPTY_BODY = YES;
				CLANG_WARN_ENUM_CONVERSION = YES;
				CLANG_WARN_INFINITE_RECURSION = YES;
				CLANG_WARN_INT_CONVERSION = YES;
				CLANG_WARN_NON_LITERAL_NULL_CONVERSION = YES;
				CLANG_WARN_OBJC_IMPLICIT_RETAIN_SELF = YES;
				CLANG_WARN_OBJC_LITERAL_CONVERSION = YES;
				CLANG_WARN_OBJC_ROOT_CLASS = YES_ERROR;
				CLANG_WARN_QUOTED_INCLUDE_IN_FRAMEWORK_HEADER = YES;
				CLANG_WARN_RANGE_LOOP_ANALYSIS = YES;
				CLANG_WARN_STRICT_PROTOTYPES = YES;
				CLANG_WARN_SUSPICIOUS_MOVE = YES;
				CLANG_WARN_UNREACHABLE_CODE = YES;
				CLANG_WARN__DUPLICATE_METHOD_MATCH = YES;
				CODE_SIGN_IDENTITY = "Mac Developer";
				CODE_SIGN_STYLE = Automatic;
				COPY_PHASE_STRIP = NO;
				DEAD_CODE_STRIPPING = YES;
				DEBUG_INFORMATION_FORMAT = "dwarf-with-dsym";
				ENABLE_HARDENED_RUNTIME = YES;
				ENABLE_NS_ASSERTIONS = NO;
				ENABLE_STRICT_OBJC_MSGSEND = YES;
				ENABLE_USER_SCRIPT_SANDBOXING = YES;
				GCC_C_LANGUAGE_STANDARD = c11;
				GCC_NO_COMMON_BLOCKS = YES;
				GCC_OPTIMIZATION_LEVEL = 0;
				GCC_WARN_64_TO_32_BIT_CONVERSION = YES;
				GCC_WARN_ABOUT_RETURN_TYPE = YES_ERROR;
				GCC_WARN_UNDECLARED_SELECTOR = YES;
				GCC_WARN_UNINITIALIZED_AUTOS = YES_AGGRESSIVE;
				GCC_WARN_UNUSED_FUNCTION = YES;
				GCC_WARN_UNUSED_VARIABLE = YES;
				HEADER_SEARCH_PATHS = "";
				LIBRARY_SEARCH_PATHS = (
					"$(inherited)",
					"$(WorkspaceDir)/operating_system",
					"$(WorkspaceDir)/../operating_system/storage-$(PLATFORM_MODIFIER)/$(CONFIGURATION)/library",
					"$(WorkspaceDir)/operating_system",
				);
				PLATFORM_MODIFIER = macos;
				PRODUCT_NAME = "$(TARGET_NAME)";
				PROVISIONING_PROFILE_SPECIFIER = "";
				SDKROOT = macosx;
				SYSTEM_HEADER_SEARCH_PATHS = (
					"$(WorkspaceDir)/operating_system/operating_system-$(PLATFORM_MODIFIER)/include",
					"$(WorkspaceDir)/operating_system/operating_system-$(PLATFORM_MODIFIER)/configuration",
					"$(WorkspaceDir)/port/include",
					"$(WorkspaceDir)/source/app/include",
				);
				USER_HEADER_SEARCH_PATHS = (
					.,
					"$(WorkspaceDir)/source",
					"$(WorkspaceDir)/source/app",
					"$(WorkspaceDir)/source/app/_include",
					"$(WorkspaceDir)/operating_system",
					"$(WorkspaceDir)/operating_system/operating_system-$(PLATFORM_MODIFIER)",
					"$(WorkspaceDir)/operating_system/operating_system-$(PLATFORM_MODIFIER)/configuration_selection/$(CONFIGURATION)",
					"$(WorkspaceDir)/port/_",
					"$(PROJECT_DIR)",
					"$(PROJECT_DIR)/..",
					"$(PROJECT_DIR)/../..",
					"$(HOME)/sensitive/sensitive/include",
				);
				USE_HEADERMAP = NO;
				WorkspaceDir = "$(SRCROOT)/../../../..";
			};
			name = Release;
		};
		40FC8E0116BEC3422E699E84 /* Debug */ = {
			isa = XCBuildConfiguration;
			baseConfigurationReference = E3AB862F4305DEF9B2B019CC /* _____debug_application.xcconfig */;
			buildSettings = {
				ASSETCATALOG_COMPILER_APPICON_NAME = AppIcon;
				INFOPLIST_FILE = "$(SRCROOT)/macos/Info.plist";
				INFOPLIST_KEY_CFBundleDisplayName = "Complex Form";
				LIBRARY_SEARCH_PATHS = (
					"$(inherited)",
					"$(PROJECT_DIR)/time-macos",
				);
				PRODUCT_BUNDLE_IDENTIFIER = "app-complex.form";
			};
			name = Debug;
		};
		CA57C1B580517BBC1D8108C8 /* Release */ = {
			isa = XCBuildConfiguration;
			baseConfigurationReference = 990C4C98017FFFB04C1F2B8B /* _____release_application.xcconfig */;
			buildSettings = {
				ASSETCATALOG_COMPILER_APPICON_NAME = AppIcon;
				INFOPLIST_FILE = "$(SRCROOT)/macos/Info.plist";
				INFOPLIST_KEY_CFBundleDisplayName = "Complex Form";
				LIBRARY_SEARCH_PATHS = (
					"$(inherited)",
					"$(PROJECT_DIR)/time-macos",
				);
				PRODUCT_BUNDLE_IDENTIFIER = "app-complex.form";
			};
			name = Release;
		};
		F91EA8DD7100D711A2E2A5C4 /* Debug */ = {
			isa = XCBuildConfiguration;
			buildSettings = {
				BUNDLE_LOADER = "$(TEST_HOST)";
				COMBINE_HIDPI_IMAGES = YES;
				DEAD_CODE_STRIPPING = YES;
				FRAMEWORK_SEARCH_PATHS = (
					"$(DEVELOPER_FRAMEWORKS_DIR)",
					"$(inherited)",
				);
				GCC_PREPROCESSOR_DEFINITIONS = (
					"DEBUG=1",
					"$(inherited)",
				);
				INFOPLIST_FILE = "Hello Multiverse!!Tests/Info.plist";
				LD_RUNPATH_SEARCH_PATHS = (
					"@executable_path",
					"@loader_path",
				);
				PRODUCT_BUNDLE_IDENTIFIER = "com.ca2.$(PRODUCT_NAME:rfc1034identifier)";
				PRODUCT_NAME = "$(TARGET_NAME)";
				TEST_HOST = "$(BUILT_PRODUCTS_DIR)/Hello Multiverse!!.app/Contents/MacOS/Hello Multiverse!!";
			};
			name = Debug;
		};
		2E2173B07D2818919BD86B04 /* Release */ = {
			isa = XCBuildConfiguration;
			buildSettings = {
				BUNDLE_LOADER = "$(TEST_HOST)";
				COMBINE_HIDPI_IMAGES = YES;
				DEAD_CODE_STRIPPING = YES;
				FRAMEWORK_SEARCH_PATHS = (
					"$(DEVELOPER_FRAMEWORKS_DIR)",
					"$(inherited)",
				);
				INFOPLIST_FILE = "Hello Multiverse!!Tests/Info.plist";
				LD_RUNPATH_SEARCH_PATHS = (
					"@executable_path",
					"@loader_path",
				);
				PRODUCT_BUNDLE_IDENTIFIER = "com.ca2.$(PRODUCT_NAME:rfc1034identifier)";
				PRODUCT_NAME = "$(TARGET_NAME)";
				TEST_HOST = "$(BUILT_PRODUCTS_DIR)/Hello Multiverse!!.app/Contents/MacOS/Hello Multiverse!!";
			};
			name = Release;
		};
/* End XCBuildConfiguration section */

/* Begin XCConfigurationList section */
		7433AFA6018EFF96E35AC1AC /* Build configuration list for PBXProject "app_complex_form" */ = {
			isa = XCConfigurationList;
			buildConfigurations = (
				E9CCA9603F2B61581F9A2EC8 /* Debug */,
				ABFB4A1B79E0448EB42293CE /* Release */,
			);
			defaultConfigurationIsVisible = 0;
			defaultConfigurationName = Release;
		};
		6090DD3B46B9670899E69EB4 /* Build configuration list for PBXNativeTarget "_app_complex_form" */ = {
			isa = XCConfigurationList;
			buildConfigurations = (
				40FC8E0116BEC3422E699E84 /* Debug */,
				CA57C1B580517BBC1D8108C8 /* Release */,
			);
			defaultConfigurationIsVisible = 0;
			defaultConfigurationName = Release;
		};
		E13620240913CF296E25CABC /* Build configuration list for PBXNativeTarget "Hello Multiverse!!Tests" */ = {
			isa = XCConfigurationList;
			buildConfigurations = (
				F91EA8DD7100D711A2E2A5C4 /* Debug */,
				2E2173B07D2818919BD86B04 /* Release */,
			);
			defaultConfigurationIsVisible = 0;
			defaultConfigurationName = Release;
		};
/* End XCConfigurationList section */
	};
	rootObject = 0B724C9308C02E2D4AFBB992 /* Project object */;
}
