// !$*UTF8*$!
{
	archiveVersion = 1;
	classes = {
	};
	objectVersion = 46;
	objects = {

/* Begin PBXBuildFile section */
		0AEB32BC6E606E6403AD4E2D /* framework.cpp in Sources */ = {isa = PBXBuildFile; fileRef = E2E974528640E52CCAE14862 /* framework.cpp */; };
		06BB6702F9EDFB5F46E2AE7D /* application.cpp in Sources */ = {isa = PBXBuildFile; fileRef = 30BC84D3F24A32DB82CAF843 /* application.cpp */; };
		41DC9E7C0891A567A7C57BD0 /* main_frame.cpp in Sources */ = {isa = PBXBuildFile; fileRef = 2309FF4EF9409D31948E9507 /* main_frame.cpp */; };
		E7F46FF6C919C11D51E1D33B /* impact.cpp in Sources */ = {isa = PBXBuildFile; fileRef = EBBF7294AD570579BDCA1BEF /* impact.cpp */; };
		7705A1B69C1B01B891E5F6EE /* application.h in Headers */ = {isa = PBXBuildFile; fileRef = 1DA9B498919F33C2F0D37B1B /* application.h */; };
		0282E1FFC40EC8B004E5F6C1 /* application.cpp in Sources */ = {isa = PBXBuildFile; fileRef = 30BC84D3F24A32DB82CAF843 /* application.cpp */; };
		D4C74D105628E0731A212556 /* main_frame.h in Headers */ = {isa = PBXBuildFile; fileRef = AEC3AEF4FD09481032911311 /* main_frame.h */; };
		67012D21F892228DBFF2744F /* impact.cpp in Sources */ = {isa = PBXBuildFile; fileRef = EBBF7294AD570579BDCA1BEF /* impact.cpp */; };
		2AA3E301518C0606BD48465E /* _notify_drawing.h in Headers */ = {isa = PBXBuildFile; fileRef = 20608EDCD32B3D211E4D4294 /* _notify_drawing.h */; };
		23613B8ABCDBEA91299715A7 /* main_frame.cpp in Sources */ = {isa = PBXBuildFile; fileRef = 2309FF4EF9409D31948E9507 /* main_frame.cpp */; };
		7A4853F8BB02585EF48E354F /* _.h in Headers */ = {isa = PBXBuildFile; fileRef = B68DBD82861293E0309F69A5 /* _.h */; };
		1FCFF8D859598F8F4B490C00 /* impact.h in Headers */ = {isa = PBXBuildFile; fileRef = 88F4E65163185EC4ED4AF1E1 /* impact.h */; };
		DF107916AA305EB97702BE4F /* libapp_simple_drawing.dylib in Frameworks */ = {isa = PBXBuildFile; fileRef = 310F852894502185785F3E25 /* libapp_simple_drawing.dylib */; };
		F58282C60F786CF427843ED3 /* libaura.dylib in Frameworks */ = {isa = PBXBuildFile; fileRef = 38E8B5A645A57F80AE690ADE /* libaura.dylib */; };
		7B03C60C229465A043F930B2 /* libapp_simple_notify_drawing.a in Frameworks */ = {isa = PBXBuildFile; fileRef = D43C3250BDF029D81280173B /* libapp_simple_notify_drawing.a */; };
		1017513E80016DFA4C0B9CBA /* InfoPlist.strings in Resources */ = {isa = PBXBuildFile; fileRef = 719378C6B038A57522FA72B5 /* InfoPlist.strings */; };
		A609B8E2C2079CBE1DB1C74D /* app_core_hellomultiverse_iosTests.m in Sources */ = {isa = PBXBuildFile; fileRef = E20F6059327F995E20818DB4 /* app_core_hellomultiverse_iosTests.m */; };
		254B02B9180E3130CE40F07A /* framework.cpp in Sources */ = {isa = PBXBuildFile; fileRef = E2E974528640E52CCAE14862 /* framework.cpp */; };
		71DF6418465AA203D43469E5 /* framework.h in Headers */ = {isa = PBXBuildFile; fileRef = 7F7B329FF12708F64317BB98 /* framework.h */; };
/* End PBXBuildFile section */

/* Begin PBXContainerItemProxy section */
		DF66D405F3AABCC77690C785 /* PBXContainerItemProxy */ = {
			isa = PBXContainerItemProxy;
			containerPortal = CC633514B876C10280C109A9 /* app_simple_drawing.xcodeproj */;
			proxyType = 2;
			remoteGlobalIDString = 9AEB75A316F78DF10085103B;
			remoteInfo = app_simple_drawing;
		};
		C4D5D1D2107569E18C62136D /* PBXContainerItemProxy */ = {
			isa = PBXContainerItemProxy;
			containerPortal = CC633514B876C10280C109A9 /* app_simple_drawing.xcodeproj */;
			proxyType = 2;
			remoteGlobalIDString = 9AE24E8A1904CFFD001AEFFB;
			remoteInfo = ios_app_simple_drawing;
		};
		AD48EF2B3729749CEBA2EB50 /* PBXContainerItemProxy */ = {
			isa = PBXContainerItemProxy;
			containerPortal = CC633514B876C10280C109A9 /* app_simple_drawing.xcodeproj */;
			proxyType = 2;
			remoteGlobalIDString = 9AE24E991904CFFD001AEFFB;
			remoteInfo = app_core_hellomultiverse_iosTests;
		};
		941E35C29EEB84C45AD2259D /* PBXContainerItemProxy */ = {
			isa = PBXContainerItemProxy;
			containerPortal = CC633514B876C10280C109A9 /* app_simple_drawing.xcodeproj */;
			proxyType = 1;
			remoteGlobalIDString = 9AEB75A216F78DF10085103B;
			remoteInfo = app_simple_drawing;
		};
		935B78E9489BF0852DAF9542 /* PBXContainerItemProxy */ = {
			isa = PBXContainerItemProxy;
			containerPortal = EAB97C32EF3E9E7EBA182F6F /* Project object */;
			proxyType = 1;
			remoteGlobalIDString = DABDC9128D8E99A490C8DEBE;
			remoteInfo = app_core_hellomultiverse_ios;
		};
/* End PBXContainerItemProxy section */

/* Begin PBXCopyFilesBuildPhase section */
		4A5A5B730BD436D785F55EFF /* CopyFiles */ = {
			isa = PBXCopyFilesBuildPhase;
			buildActionMask = 2147483647;
			dstPath = "include/$(PRODUCT_NAME)";
			dstSubfolderSpec = 16;
			files = (
			);
			runOnlyForDeploymentPostprocessing = 0;
		};
/* End PBXCopyFilesBuildPhase section */

/* Begin PBXFileReference section */
		1DA9B498919F33C2F0D37B1B /* application.h */ = {isa = PBXFileReference; fileEncoding = 4; lastKnownFileType = sourcecode.c.h; path = application.h; sourceTree = "<group>"; };
		30BC84D3F24A32DB82CAF843 /* application.cpp */ = {isa = PBXFileReference; fileEncoding = 4; lastKnownFileType = sourcecode.cpp.cpp; path = application.cpp; sourceTree = "<group>"; };
		AEC3AEF4FD09481032911311 /* main_frame.h */ = {isa = PBXFileReference; fileEncoding = 4; lastKnownFileType = sourcecode.c.h; path = main_frame.h; sourceTree = "<group>"; };
		EBBF7294AD570579BDCA1BEF /* impact.cpp */ = {isa = PBXFileReference; fileEncoding = 4; lastKnownFileType = sourcecode.cpp.cpp; path = impact.cpp; sourceTree = "<group>"; };
		20608EDCD32B3D211E4D4294 /* _notify_drawing.h */ = {isa = PBXFileReference; fileEncoding = 4; lastKnownFileType = sourcecode.c.h; path = _notify_drawing.h; sourceTree = "<group>"; };
		2309FF4EF9409D31948E9507 /* main_frame.cpp */ = {isa = PBXFileReference; fileEncoding = 4; lastKnownFileType = sourcecode.cpp.cpp; path = main_frame.cpp; sourceTree = "<group>"; };
		B68DBD82861293E0309F69A5 /* _.h */ = {isa = PBXFileReference; fileEncoding = 4; lastKnownFileType = sourcecode.c.h; path = _.h; sourceTree = "<group>"; };
		88F4E65163185EC4ED4AF1E1 /* impact.h */ = {isa = PBXFileReference; fileEncoding = 4; lastKnownFileType = sourcecode.c.h; path = impact.h; sourceTree = "<group>"; };
		C0D2DA54B5CC74AFC885FE76 /* libios_aura.dylib */ = {isa = PBXFileReference; lastKnownFileType = "compiled.mach-o.dylib"; name = libios_aura.dylib; path = "../../app/aura/build/Debug-iphoneos/libios_aura.dylib"; sourceTree = "<group>"; };
		CC633514B876C10280C109A9 /* app_simple_drawing.xcodeproj */ = {isa = PBXFileReference; lastKnownFileType = "wrapper.pb-project"; name = app_simple_drawing.xcodeproj; path = ../drawing/app_simple_drawing.xcodeproj; sourceTree = SOURCE_ROOT; };
		EED42C40AB7CA44A32AF40CA /* libios_pcre.dylib */ = {isa = PBXFileReference; lastKnownFileType = "compiled.mach-o.dylib"; name = libios_pcre.dylib; path = "../../app/pcre/build/Debug-iphoneos/libios_pcre.dylib"; sourceTree = "<group>"; };
		38E8B5A645A57F80AE690ADE /* libaura.dylib */ = {isa = PBXFileReference; lastKnownFileType = "compiled.mach-o.dylib"; name = libaura.dylib; path = "../../../../Users/camilo/Library/Developer/Xcode/DerivedData/aura-mac-ekqwiewkpeyhdudtxguywfqohhby/Build/Products/Debug/libaura.dylib"; sourceTree = "<group>"; };
		734D779AD5FEAA6088D4AF74 /* libpcre.dylib */ = {isa = PBXFileReference; lastKnownFileType = "compiled.mach-o.dylib"; name = libpcre.dylib; path = "../../../../Users/camilo/Library/Developer/Xcode/DerivedData/aura-mac-ekqwiewkpeyhdudtxguywfqohhby/Build/Products/Debug/libpcre.dylib"; sourceTree = "<group>"; };
		D43C3250BDF029D81280173B /* libapp_simple_notify_drawing.a */ = {isa = PBXFileReference; explicitFileType = archive.ar; includeInIndex = 0; path = libapp_simple_notify_drawing.a; sourceTree = BUILT_PRODUCTS_DIR; };
		0B3726FE5C5AA632EFC6CD85 /* app_core_hellomultiverse_iosTests.xctest */ = {isa = PBXFileReference; explicitFileType = wrapper.cfbundle; includeInIndex = 0; path = app_core_hellomultiverse_iosTests.xctest; sourceTree = BUILT_PRODUCTS_DIR; };
		ECDFEC07224210590EDA4F87 /* app_core_hellomultiverse_iosTests-Info.plist */ = {isa = PBXFileReference; lastKnownFileType = text.plist.xml; path = "app_core_hellomultiverse_iosTests-Info.plist"; sourceTree = "<group>"; };
		CD07FC02F33BA3E63E3690C7 /* en */ = {isa = PBXFileReference; lastKnownFileType = text.plist.strings; name = en; path = en.lproj/InfoPlist.strings; sourceTree = "<group>"; };
		E20F6059327F995E20818DB4 /* app_core_hellomultiverse_iosTests.m */ = {isa = PBXFileReference; lastKnownFileType = sourcecode.c.objc; path = app_core_hellomultiverse_iosTests.m; sourceTree = "<group>"; };
		B60D99A89F26160F8843F258 /* libapp_simple_notify_drawing.dylib */ = {isa = PBXFileReference; explicitFileType = "compiled.mach-o.dylib"; includeInIndex = 0; path = libapp_simple_notify_drawing.dylib; sourceTree = BUILT_PRODUCTS_DIR; };
		E2E974528640E52CCAE14862 /* framework.cpp */ = {isa = PBXFileReference; fileEncoding = 4; lastKnownFileType = sourcecode.cpp.cpp; path = framework.cpp; sourceTree = "<group>"; };
		7F7B329FF12708F64317BB98 /* framework.h */ = {isa = PBXFileReference; fileEncoding = 4; lastKnownFileType = sourcecode.c.h; path = framework.h; sourceTree = "<group>"; };
/* End PBXFileReference section */

/* Begin PBXFrameworksBuildPhase section */
		22D0BE85380134F1ABAC5DBA /* Frameworks */ = {
			isa = PBXFrameworksBuildPhase;
			buildActionMask = 2147483647;
			files = (
			);
			runOnlyForDeploymentPostprocessing = 0;
		};
		13FEC981D646D64DD1FA14A5 /* Frameworks */ = {
			isa = PBXFrameworksBuildPhase;
			buildActionMask = 2147483647;
			files = (
				7B03C60C229465A043F930B2 /* libapp_simple_notify_drawing.a in Frameworks */,
			);
			runOnlyForDeploymentPostprocessing = 0;
		};
		E9E74908BC9F889C0B6BF2E0 /* Frameworks */ = {
			isa = PBXFrameworksBuildPhase;
			buildActionMask = 2147483647;
			files = (
				DF107916AA305EB97702BE4F /* libapp_simple_drawing.dylib in Frameworks */,
				F58282C60F786CF427843ED3 /* libaura.dylib in Frameworks */,
			);
			runOnlyForDeploymentPostprocessing = 0;
		};
/* End PBXFrameworksBuildPhase section */

/* Begin PBXGroup section */
		C9042F7F5CE54277A3BE7E2D /* Frameworks */ = {
			isa = PBXGroup;
			children = (
			);
			name = Frameworks;
			sourceTree = "<group>";
		};
		0BC696C4625FDD01CA21CF23 /* Products */ = {
			isa = PBXGroup;
			children = (
				310F852894502185785F3E25 /* libapp_simple_drawing.dylib */,
				777399DCE4117E1D0C620047 /* libapp_simple_drawing.a */,
				81F36298C896AB59ED18BC97 /* app_core_hellomultiverse_iosTests.xctest */,
			);
			name = Products;
			sourceTree = "<group>";
		};
		DDD35A80914D4A3D55869D55 /* app_core_hellomultiverse_iosTests */ = {
			isa = PBXGroup;
			children = (
				E20F6059327F995E20818DB4 /* app_core_hellomultiverse_iosTests.m */,
				41D2CB90F4D214C398F97CBF /* Supporting Files */,
			);
			path = app_core_hellomultiverse_iosTests;
			sourceTree = "<group>";
		};
		41D2CB90F4D214C398F97CBF /* Supporting Files */ = {
			isa = PBXGroup;
			children = (
				ECDFEC07224210590EDA4F87 /* app_core_hellomultiverse_iosTests-Info.plist */,
				719378C6B038A57522FA72B5 /* InfoPlist.strings */,
			);
			name = "Supporting Files";
			sourceTree = "<group>";
		};
		FBD5FC78BEC40A758AD8806A = {
			isa = PBXGroup;
			children = (
				CC633514B876C10280C109A9 /* app_simple_drawing.xcodeproj */,
				C0D2DA54B5CC74AFC885FE76 /* libios_aura.dylib */,
				EED42C40AB7CA44A32AF40CA /* libios_pcre.dylib */,
				734D779AD5FEAA6088D4AF74 /* libpcre.dylib */,
				38E8B5A645A57F80AE690ADE /* libaura.dylib */,
				A75A2DCDC0F36EC297B1DCC3 /* notify_drawing */,
				DDD35A80914D4A3D55869D55 /* app_core_hellomultiverse_iosTests */,
				58DD72A802BEDE44786F3CE6 /* Products */,
				C9042F7F5CE54277A3BE7E2D /* Frameworks */,
			);
			sourceTree = "<group>";
		};
		58DD72A802BEDE44786F3CE6 /* Products */ = {
			isa = PBXGroup;
			children = (
				B60D99A89F26160F8843F258 /* libapp_simple_notify_drawing.dylib */,
				D43C3250BDF029D81280173B /* libapp_simple_notify_drawing.a */,
				0B3726FE5C5AA632EFC6CD85 /* app_core_hellomultiverse_iosTests.xctest */,
			);
			name = Products;
			sourceTree = "<group>";
		};
		A75A2DCDC0F36EC297B1DCC3 /* notify_drawing */ = {
			isa = PBXGroup;
			children = (
				B68DBD82861293E0309F69A5 /* _.h */,
				20608EDCD32B3D211E4D4294 /* _notify_drawing.h */,
				30BC84D3F24A32DB82CAF843 /* application.cpp */,
				1DA9B498919F33C2F0D37B1B /* application.h */,
				2309FF4EF9409D31948E9507 /* main_frame.cpp */,
				AEC3AEF4FD09481032911311 /* main_frame.h */,
				EBBF7294AD570579BDCA1BEF /* impact.cpp */,
				88F4E65163185EC4ED4AF1E1 /* impact.h */,
				E2E974528640E52CCAE14862 /* framework.cpp */,
				7F7B329FF12708F64317BB98 /* framework.h */,
			);
			name = notify_drawing;
			sourceTree = "<group>";
		};
/* End PBXGroup section */

/* Begin PBXHeadersBuildPhase section */
		5AC4A95A4E717D0DC0BE4E2E /* Headers */ = {
			isa = PBXHeadersBuildPhase;
			buildActionMask = 2147483647;
			files = (
				1FCFF8D859598F8F4B490C00 /* impact.h in Headers */,
				7A4853F8BB02585EF48E354F /* _.h in Headers */,
				D4C74D105628E0731A212556 /* main_frame.h in Headers */,
				71DF6418465AA203D43469E5 /* framework.h in Headers */,
				2AA3E301518C0606BD48465E /* _notify_drawing.h in Headers */,
				7705A1B69C1B01B891E5F6EE /* application.h in Headers */,
			);
			runOnlyForDeploymentPostprocessing = 0;
		};
/* End PBXHeadersBuildPhase section */

/* Begin PBXNativeTarget section */
		DABDC9128D8E99A490C8DEBE /* ios_app_simple_notify_drawing */ = {
			isa = PBXNativeTarget;
			buildConfigurationList = 6C6612A0AA14A2469C1DFB15 /* Build configuration list for PBXNativeTarget "ios_app_simple_notify_drawing" */;
			buildPhases = (
				C5C1DDA8FE5D0D825E5D5CB7 /* Sources */,
				22D0BE85380134F1ABAC5DBA /* Frameworks */,
				4A5A5B730BD436D785F55EFF /* CopyFiles */,
			);
			buildRules = (
			);
			dependencies = (
			);
			name = ios_app_simple_notify_drawing;
			productName = app_core_hellomultiverse_ios;
			productReference = D43C3250BDF029D81280173B /* libapp_simple_notify_drawing.a */;
			productType = "com.apple.product-type.library.static";
		};
		D599601487ED26E2245034B5 /* app_core_hellomultiverse_iosTests */ = {
			isa = PBXNativeTarget;
			buildConfigurationList = B6618BEF3458C9EEA05D3488 /* Build configuration list for PBXNativeTarget "app_core_hellomultiverse_iosTests" */;
			buildPhases = (
				AC718303DCC654EECF8E76C0 /* Sources */,
				13FEC981D646D64DD1FA14A5 /* Frameworks */,
				CECCC16FA68C23890708C85D /* Resources */,
			);
			buildRules = (
			);
			dependencies = (
				5C0574DBFC6F92F4976A881A /* PBXTargetDependency */,
			);
			name = app_core_hellomultiverse_iosTests;
			productName = app_core_hellomultiverse_iosTests;
			productReference = 0B3726FE5C5AA632EFC6CD85 /* app_core_hellomultiverse_iosTests.xctest */;
			productType = "com.apple.product-type.bundle.unit-test";
		};
		278FC28DDE7C33E075EEE71E /* app_simple_notify_drawing */ = {
			isa = PBXNativeTarget;
			buildConfigurationList = F477E1993520D2959D024395 /* Build configuration list for PBXNativeTarget "app_simple_notify_drawing" */;
			buildPhases = (
				C1D936E79F9E3C2A6AAE8267 /* Sources */,
				E9E74908BC9F889C0B6BF2E0 /* Frameworks */,
				5AC4A95A4E717D0DC0BE4E2E /* Headers */,
			);
			buildRules = (
			);
			dependencies = (
				D856232889005C7430B785E9 /* PBXTargetDependency */,
			);
			name = app_simple_notify_drawing;
			productName = app_core_hellomultiverse;
			productReference = B60D99A89F26160F8843F258 /* libapp_simple_notify_drawing.dylib */;
			productType = "com.apple.product-type.library.dynamic";
		};
/* End PBXNativeTarget section */

/* Begin PBXProject section */
		EAB97C32EF3E9E7EBA182F6F /* Project object */ = {
			isa = PBXProject;
			attributes = {
				LastUpgradeCheck = 1020;
				ORGANIZATIONNAME = "Camilo Sasuke Tsumanuma";
				TargetAttributes = {
					D599601487ED26E2245034B5 = {
						TestTargetID = 278FC28DDE7C33E075EEE71E;
					};
				};
			};
			buildConfigurationList = 5488EBADE90DEC718ECC3187 /* Build configuration list for PBXProject "app_simple_notify_drawing" */;
			compatibilityVersion = "Xcode 3.2";
			developmentRegion = en;
			hasScannedForEncodings = 0;
			knownRegions = (
				en,
				Base,
			);
			mainGroup = FBD5FC78BEC40A758AD8806A;
			productRefGroup = 58DD72A802BEDE44786F3CE6 /* Products */;
			projectDirPath = "";
			projectReferences = (
				{
					ProductGroup = 0BC696C4625FDD01CA21CF23 /* Products */;
					ProjectRef = CC633514B876C10280C109A9 /* app_simple_drawing.xcodeproj */;
				},
			);
			projectRoot = "";
			targets = (
				278FC28DDE7C33E075EEE71E /* app_simple_notify_drawing */,
				DABDC9128D8E99A490C8DEBE /* ios_app_simple_notify_drawing */,
				D599601487ED26E2245034B5 /* app_core_hellomultiverse_iosTests */,
			);
		};
/* End PBXProject section */

/* Begin PBXReferenceProxy section */
		310F852894502185785F3E25 /* libapp_simple_drawing.dylib */ = {
			isa = PBXReferenceProxy;
			fileType = "compiled.mach-o.dylib";
			path = libapp_simple_drawing.dylib;
			remoteRef = DF66D405F3AABCC77690C785 /* PBXContainerItemProxy */;
			sourceTree = BUILT_PRODUCTS_DIR;
		};
		777399DCE4117E1D0C620047 /* libapp_simple_drawing.a */ = {
			isa = PBXReferenceProxy;
			fileType = archive.ar;
			path = libapp_simple_drawing.a;
			remoteRef = C4D5D1D2107569E18C62136D /* PBXContainerItemProxy */;
			sourceTree = BUILT_PRODUCTS_DIR;
		};
		81F36298C896AB59ED18BC97 /* app_core_hellomultiverse_iosTests.xctest */ = {
			isa = PBXReferenceProxy;
			fileType = wrapper.cfbundle;
			path = app_core_hellomultiverse_iosTests.xctest;
			remoteRef = AD48EF2B3729749CEBA2EB50 /* PBXContainerItemProxy */;
			sourceTree = BUILT_PRODUCTS_DIR;
		};
/* End PBXReferenceProxy section */

/* Begin PBXResourcesBuildPhase section */
		CECCC16FA68C23890708C85D /* Resources */ = {
			isa = PBXResourcesBuildPhase;
			buildActionMask = 2147483647;
			files = (
				1017513E80016DFA4C0B9CBA /* InfoPlist.strings in Resources */,
			);
			runOnlyForDeploymentPostprocessing = 0;
		};
/* End PBXResourcesBuildPhase section */

/* Begin PBXSourcesBuildPhase section */
		C5C1DDA8FE5D0D825E5D5CB7 /* Sources */ = {
			isa = PBXSourcesBuildPhase;
			buildActionMask = 2147483647;
			files = (
				06BB6702F9EDFB5F46E2AE7D /* application.cpp in Sources */,
				41DC9E7C0891A567A7C57BD0 /* main_frame.cpp in Sources */,
				E7F46FF6C919C11D51E1D33B /* impact.cpp in Sources */,
				0AEB32BC6E606E6403AD4E2D /* framework.cpp in Sources */,
			);
			runOnlyForDeploymentPostprocessing = 0;
		};
		AC718303DCC654EECF8E76C0 /* Sources */ = {
			isa = PBXSourcesBuildPhase;
			buildActionMask = 2147483647;
			files = (
				A609B8E2C2079CBE1DB1C74D /* app_core_hellomultiverse_iosTests.m in Sources */,
			);
			runOnlyForDeploymentPostprocessing = 0;
		};
		C1D936E79F9E3C2A6AAE8267 /* Sources */ = {
			isa = PBXSourcesBuildPhase;
			buildActionMask = 2147483647;
			files = (
				23613B8ABCDBEA91299715A7 /* main_frame.cpp in Sources */,
				0282E1FFC40EC8B004E5F6C1 /* application.cpp in Sources */,
				254B02B9180E3130CE40F07A /* framework.cpp in Sources */,
				67012D21F892228DBFF2744F /* impact.cpp in Sources */,
			);
			runOnlyForDeploymentPostprocessing = 0;
		};
/* End PBXSourcesBuildPhase section */

/* Begin PBXTargetDependency section */
		D856232889005C7430B785E9 /* PBXTargetDependency */ = {
			isa = PBXTargetDependency;
			name = app_simple_drawing;
			targetProxy = 941E35C29EEB84C45AD2259D /* PBXContainerItemProxy */;
		};
		5C0574DBFC6F92F4976A881A /* PBXTargetDependency */ = {
			isa = PBXTargetDependency;
			target = DABDC9128D8E99A490C8DEBE /* ios_app_simple_notify_drawing */;
			targetProxy = 935B78E9489BF0852DAF9542 /* PBXContainerItemProxy */;
		};
/* End PBXTargetDependency section */

/* Begin PBXVariantGroup section */
		719378C6B038A57522FA72B5 /* InfoPlist.strings */ = {
			isa = PBXVariantGroup;
			children = (
				CD07FC02F33BA3E63E3690C7 /* en */,
			);
			name = InfoPlist.strings;
			sourceTree = "<group>";
		};
/* End PBXVariantGroup section */

/* Begin XCBuildConfiguration section */
		2381E28A3B1E4DB787E74BA1 /* Debug */ = {
			isa = XCBuildConfiguration;
			buildSettings = {
				EXECUTABLE_EXTENSION = a;
				IPHONEOS_DEPLOYMENT_TARGET = 8.0;
				MACH_O_TYPE = staticlib;
				PLATFORM_MODIFIER = ios;
				SDKROOT = iphoneos;
			};
			name = Debug;
		};
		C69BB7496EEDB0FC7A19F28B /* Release */ = {
			isa = XCBuildConfiguration;
			buildSettings = {
				EXECUTABLE_EXTENSION = a;
				IPHONEOS_DEPLOYMENT_TARGET = 8.0;
				MACH_O_TYPE = staticlib;
				PLATFORM_MODIFIER = ios;
				SDKROOT = iphoneos;
			};
			name = Release;
		};
		4B55F7795C3DA3CFE7BD798A /* Debug */ = {
			isa = XCBuildConfiguration;
			buildSettings = {
				ALWAYS_SEARCH_USER_PATHS = NO;
				BUNDLE_LOADER = "$(BUILT_PRODUCTS_DIR)/libapp_core_hellomultiverse.dylib";
				CLANG_CXX_LANGUAGE_STANDARD = "gnu++0x";
				CLANG_WARN_BOOL_CONVERSION = YES;
				CLANG_WARN_DIRECT_OBJC_ISA_USAGE = YES_ERROR;
				CLANG_WARN_OBJC_ROOT_CLASS = YES_ERROR;
				FRAMEWORK_SEARCH_PATHS = (
					"$(inherited)",
					"$(DEVELOPER_FRAMEWORKS_DIR)",
					"$(WorkspaceDir)/../operating_system/storage-$(PLATFORM_MODIFIER)/$(CONFIGURATION)/framework",
				);
				GCC_C_LANGUAGE_STANDARD = gnu99;
				GCC_PRECOMPILE_PREFIX_HEADER = YES;
				GCC_PREFIX_HEADER = "app_core_hellomultiverse_ios/app_core_hellomultiverse_ios-Prefix.pch";
				GCC_PREPROCESSOR_DEFINITIONS = (
					"DEBUG=1",
					"$(inherited)",
				);
				GCC_WARN_ABOUT_RETURN_TYPE = YES_ERROR;
				GCC_WARN_UNDECLARED_SELECTOR = YES;
				GCC_WARN_UNINITIALIZED_AUTOS = YES_AGGRESSIVE;
				GCC_WARN_UNUSED_FUNCTION = YES;
				INFOPLIST_FILE = "app_core_hellomultiverse_iosTests/app_core_hellomultiverse_iosTests-Info.plist";
				IPHONEOS_DEPLOYMENT_TARGET = 8.0;
				PRODUCT_BUNDLE_IDENTIFIER = "ca2.${PRODUCT_NAME:rfc1034identifier}";
				PRODUCT_NAME = "$(TARGET_NAME)";
				SDKROOT = iphoneos;
				TEST_HOST = "$(BUNDLE_LOADER)";
				WRAPPER_EXTENSION = xctest;
			};
			name = Debug;
		};
		054E92B9800E41C3FEBCDF20 /* Release */ = {
			isa = XCBuildConfiguration;
			buildSettings = {
				ALWAYS_SEARCH_USER_PATHS = NO;
				BUNDLE_LOADER = "$(BUILT_PRODUCTS_DIR)/libapp_core_hellomultiverse.dylib";
				CLANG_CXX_LANGUAGE_STANDARD = "gnu++0x";
				CLANG_WARN_BOOL_CONVERSION = YES;
				CLANG_WARN_DIRECT_OBJC_ISA_USAGE = YES_ERROR;
				CLANG_WARN_OBJC_ROOT_CLASS = YES_ERROR;
				ENABLE_NS_ASSERTIONS = NO;
				FRAMEWORK_SEARCH_PATHS = (
					"$(inherited)",
					"$(DEVELOPER_FRAMEWORKS_DIR)",
					"$(WorkspaceDir)/../operating_system/storage-$(PLATFORM_MODIFIER)/$(CONFIGURATION)/framework",
				);
				GCC_C_LANGUAGE_STANDARD = gnu99;
				GCC_PRECOMPILE_PREFIX_HEADER = YES;
				GCC_PREFIX_HEADER = "app_core_hellomultiverse_ios/app_core_hellomultiverse_ios-Prefix.pch";
				GCC_WARN_ABOUT_RETURN_TYPE = YES_ERROR;
				GCC_WARN_UNDECLARED_SELECTOR = YES;
				GCC_WARN_UNINITIALIZED_AUTOS = YES_AGGRESSIVE;
				GCC_WARN_UNUSED_FUNCTION = YES;
				INFOPLIST_FILE = "app_core_hellomultiverse_iosTests/app_core_hellomultiverse_iosTests-Info.plist";
				IPHONEOS_DEPLOYMENT_TARGET = 8.0;
				PRODUCT_BUNDLE_IDENTIFIER = "ca2.${PRODUCT_NAME:rfc1034identifier}";
				PRODUCT_NAME = "$(TARGET_NAME)";
				SDKROOT = iphoneos;
				TEST_HOST = "$(BUNDLE_LOADER)";
				VALIDATE_PRODUCT = YES;
				WRAPPER_EXTENSION = xctest;
			};
			name = Release;
		};
		C729AC36BD5CE115A50A4873 /* Debug */ = {
			isa = XCBuildConfiguration;
			buildSettings = {
				ALWAYS_SEARCH_USER_PATHS = NO;
				BUILD_LIBRARY_FOR_DISTRIBUTION = YES;
				CLANG_ANALYZER_DEADCODE_DEADSTORES = NO;
				CLANG_ANALYZER_LOCALIZABILITY_NONLOCALIZED = YES;
				CLANG_CXX_LANGUAGE_STANDARD = "c++14";
				CLANG_CXX_LIBRARY = "libc++";
				CLANG_ENABLE_OBJC_ARC = YES;
				CLANG_STATIC_ANALYZER_MODE_ON_ANALYZE_ACTION = shallow;
				CLANG_WARN_BLOCK_CAPTURE_AUTORELEASING = YES;
				CLANG_WARN_BOOL_CONVERSION = YES;
				CLANG_WARN_COMMA = YES;
				CLANG_WARN_CONSTANT_CONVERSION = YES;
				CLANG_WARN_DEPRECATED_OBJC_IMPLEMENTATIONS = YES;
				CLANG_WARN_DIRECT_OBJC_ISA_USAGE = YES_ERROR;
				CLANG_WARN_EMPTY_BODY = YES;
				CLANG_WARN_ENUM_CONVERSION = YES;
				CLANG_WARN_INFINITE_RECURSION = YES;
				CLANG_WARN_INT_CONVERSION = YES;
				CLANG_WARN_NON_LITERAL_NULL_CONVERSION = YES;
				CLANG_WARN_OBJC_IMPLICIT_RETAIN_SELF = YES;
				CLANG_WARN_OBJC_LITERAL_CONVERSION = YES;
				CLANG_WARN_OBJC_ROOT_CLASS = YES_ERROR;
				CLANG_WARN_RANGE_LOOP_ANALYSIS = YES;
				CLANG_WARN_STRICT_PROTOTYPES = YES;
				CLANG_WARN_SUSPICIOUS_MOVE = YES;
				CLANG_WARN_UNREACHABLE_CODE = YES;
				CLANG_WARN__DUPLICATE_METHOD_MATCH = YES;
				COPY_PHASE_STRIP = NO;
				DEBUG_INFORMATION_FORMAT = "dwarf-with-dsym";
				DEPLOYMENT_POSTPROCESSING = YES;
				ENABLE_STRICT_OBJC_MSGSEND = YES;
				ENABLE_TESTABILITY = YES;
				EXECUTABLE_PREFIX = lib;
				GCC_C_LANGUAGE_STANDARD = c11;
				GCC_DYNAMIC_NO_PIC = NO;
				GCC_ENABLE_OBJC_EXCEPTIONS = YES;
				GCC_NO_COMMON_BLOCKS = YES;
				GCC_OPTIMIZATION_LEVEL = 0;
				GCC_PRECOMPILE_PREFIX_HEADER = YES;
				GCC_PREFIX_HEADER = framework.h;
				GCC_PREPROCESSOR_DEFINITIONS = _DEBUG;
				GCC_SYMBOLS_PRIVATE_EXTERN = NO;
				GCC_WARN_64_TO_32_BIT_CONVERSION = YES;
				GCC_WARN_ABOUT_RETURN_TYPE = YES_ERROR;
				GCC_WARN_UNDECLARED_SELECTOR = YES;
				GCC_WARN_UNINITIALIZED_AUTOS = YES_AGGRESSIVE;
				GCC_WARN_UNUSED_FUNCTION = YES;
				GCC_WARN_UNUSED_VARIABLE = YES;
				HEADER_SEARCH_PATHS = "";
				IPHONEOS_DEPLOYMENT_TARGET = 9.0;
				LIBRARY_SEARCH_PATHS = (
					"$(inherited)",
					"$(TARGET_BUILD_DIR)",
					"$(SRCROOT)/../../time-$(PLATFORM_MODIFIER)/library/$CONFIGURATION$EFFECTIVE_PLATFORM_NAME",
				);
				ONLY_ACTIVE_ARCH = YES;
				OTHER_LDFLAGS = "-all_load";
				PLATFORM_MODIFIER = macos;
				PRODUCT_NAME = "$(PROJECT_NAME)";
				SDKROOT = macosx;
				SKIP_INSTALL = YES;
				STRIP_INSTALLED_PRODUCT = NO;
				SYSTEM_HEADER_SEARCH_PATHS = "$(WorkspaceDir)/operating_system-$(PLATFORM_MODIFIER) $(WorkspaceDir)/source/app $(WorkspaceDir)/source/app/include $(WorkspaceDir)/operating_system $(WorkspaceDir)/operating_system/operating_system-$(PLATFORM_MODIFIER) $(WorkspaceDir)/operating_system/operating_system-$(PLATFORM_MODIFIER)/include . .. $(WorkspaceDir)  $(WorkspaceDir)/source/app $(WorkspaceDir)/source/app/include";
				USER_HEADER_SEARCH_PATHS = "$(WorkspaceDir)/source $(WorkspaceDir)/source/include $(WorkspaceDir)/operating_system-$(PLATFORM_MODIFIER) $(WorkspaceDir) $(WorkspaceDir)/source/app $(WorkspaceDir)/source/app/include $(WorkspaceDir)/operating_system $(WorkspaceDir)/operating_system/operating_system-$(PLATFORM_MODIFIER) $(PROJECT_DIR)/.. $(PROJECT_DIR) .";
				USE_HEADERMAP = NO;
				WorkspaceDir = "$(SRCROOT)/../../..";
			};
			name = Debug;
		};
		FD33C0AA854D9DC98ED58C08 /* Release */ = {
			isa = XCBuildConfiguration;
			buildSettings = {
				ALWAYS_SEARCH_USER_PATHS = NO;
				BUILD_LIBRARY_FOR_DISTRIBUTION = YES;
				CLANG_ANALYZER_DEADCODE_DEADSTORES = NO;
				CLANG_ANALYZER_LOCALIZABILITY_NONLOCALIZED = YES;
				CLANG_CXX_LANGUAGE_STANDARD = "c++14";
				CLANG_CXX_LIBRARY = "libc++";
				CLANG_ENABLE_OBJC_ARC = YES;
				CLANG_STATIC_ANALYZER_MODE_ON_ANALYZE_ACTION = shallow;
				CLANG_WARN_BLOCK_CAPTURE_AUTORELEASING = YES;
				CLANG_WARN_BOOL_CONVERSION = YES;
				CLANG_WARN_COMMA = YES;
				CLANG_WARN_CONSTANT_CONVERSION = YES;
				CLANG_WARN_DEPRECATED_OBJC_IMPLEMENTATIONS = YES;
				CLANG_WARN_DIRECT_OBJC_ISA_USAGE = YES_ERROR;
				CLANG_WARN_EMPTY_BODY = YES;
				CLANG_WARN_ENUM_CONVERSION = YES;
				CLANG_WARN_INFINITE_RECURSION = YES;
				CLANG_WARN_INT_CONVERSION = YES;
				CLANG_WARN_NON_LITERAL_NULL_CONVERSION = YES;
				CLANG_WARN_OBJC_IMPLICIT_RETAIN_SELF = YES;
				CLANG_WARN_OBJC_LITERAL_CONVERSION = YES;
				CLANG_WARN_OBJC_ROOT_CLASS = YES_ERROR;
				CLANG_WARN_RANGE_LOOP_ANALYSIS = YES;
				CLANG_WARN_STRICT_PROTOTYPES = YES;
				CLANG_WARN_SUSPICIOUS_MOVE = YES;
				CLANG_WARN_UNREACHABLE_CODE = YES;
				CLANG_WARN__DUPLICATE_METHOD_MATCH = YES;
				COPY_PHASE_STRIP = YES;
				DEBUG_INFORMATION_FORMAT = "dwarf-with-dsym";
				DEPLOYMENT_POSTPROCESSING = YES;
				ENABLE_STRICT_OBJC_MSGSEND = YES;
				EXECUTABLE_PREFIX = lib;
				GCC_C_LANGUAGE_STANDARD = c11;
				GCC_ENABLE_OBJC_EXCEPTIONS = YES;
				GCC_NO_COMMON_BLOCKS = YES;
				GCC_PRECOMPILE_PREFIX_HEADER = YES;
				GCC_PREFIX_HEADER = framework.h;
				GCC_WARN_64_TO_32_BIT_CONVERSION = YES;
				GCC_WARN_ABOUT_RETURN_TYPE = YES_ERROR;
				GCC_WARN_UNDECLARED_SELECTOR = YES;
				GCC_WARN_UNINITIALIZED_AUTOS = YES_AGGRESSIVE;
				GCC_WARN_UNUSED_FUNCTION = YES;
				GCC_WARN_UNUSED_VARIABLE = YES;
				HEADER_SEARCH_PATHS = "";
				IPHONEOS_DEPLOYMENT_TARGET = 9.0;
				LIBRARY_SEARCH_PATHS = (
					"$(inherited)",
					"$(TARGET_BUILD_DIR)",
					"$(SRCROOT)/../../time-$(PLATFORM_MODIFIER)/library/$CONFIGURATION$EFFECTIVE_PLATFORM_NAME",
				);
				OTHER_LDFLAGS = "-all_load";
				PLATFORM_MODIFIER = macos;
				PRODUCT_NAME = "$(PROJECT_NAME)";
				SDKROOT = macosx;
				SKIP_INSTALL = YES;
				SYSTEM_HEADER_SEARCH_PATHS = "$(WorkspaceDir)/operating_system-$(PLATFORM_MODIFIER) $(WorkspaceDir)/source/app $(WorkspaceDir)/source/app/include $(WorkspaceDir)/operating_system $(WorkspaceDir)/operating_system/operating_system-$(PLATFORM_MODIFIER) $(WorkspaceDir)/operating_system/operating_system-$(PLATFORM_MODIFIER)/include . .. $(WorkspaceDir)  $(WorkspaceDir)/source/app $(WorkspaceDir)/source/app/include";
				USER_HEADER_SEARCH_PATHS = "$(WorkspaceDir)/source $(WorkspaceDir)/source/include $(WorkspaceDir)/operating_system-$(PLATFORM_MODIFIER) $(WorkspaceDir) $(WorkspaceDir)/source/app $(WorkspaceDir)/source/app/include $(WorkspaceDir)/operating_system $(WorkspaceDir)/operating_system/operating_system-$(PLATFORM_MODIFIER) $(PROJECT_DIR)/.. $(PROJECT_DIR) .";
				USE_HEADERMAP = NO;
				VALIDATE_PRODUCT = YES;
				WorkspaceDir = "$(SRCROOT)/../../..";
			};
			name = Release;
		};
		33B0C2DFE1587B754A57FC45 /* Debug */ = {
			isa = XCBuildConfiguration;
			buildSettings = {
				CODE_SIGN_IDENTITY = "";
				COMBINE_HIDPI_IMAGES = YES;
				PLATFORM_MODIFIER = macos;
			};
			name = Debug;
		};
		C077F3BDC2C556DADBC8F264 /* Release */ = {
			isa = XCBuildConfiguration;
			buildSettings = {
				CODE_SIGN_IDENTITY = "";
				COMBINE_HIDPI_IMAGES = YES;
				PLATFORM_MODIFIER = macos;
			};
			name = Release;
		};
/* End XCBuildConfiguration section */

/* Begin XCConfigurationList section */
		6C6612A0AA14A2469C1DFB15 /* Build configuration list for PBXNativeTarget "ios_app_simple_notify_drawing" */ = {
			isa = XCConfigurationList;
			buildConfigurations = (
				2381E28A3B1E4DB787E74BA1 /* Debug */,
				C69BB7496EEDB0FC7A19F28B /* Release */,
			);
			defaultConfigurationIsVisible = 0;
			defaultConfigurationName = Release;
		};
		B6618BEF3458C9EEA05D3488 /* Build configuration list for PBXNativeTarget "app_core_hellomultiverse_iosTests" */ = {
			isa = XCConfigurationList;
			buildConfigurations = (
				4B55F7795C3DA3CFE7BD798A /* Debug */,
				054E92B9800E41C3FEBCDF20 /* Release */,
			);
			defaultConfigurationIsVisible = 0;
			defaultConfigurationName = Release;
		};
		5488EBADE90DEC718ECC3187 /* Build configuration list for PBXProject "app_simple_notify_drawing" */ = {
			isa = XCConfigurationList;
			buildConfigurations = (
				C729AC36BD5CE115A50A4873 /* Debug */,
				FD33C0AA854D9DC98ED58C08 /* Release */,
			);
			defaultConfigurationIsVisible = 0;
			defaultConfigurationName = Release;
		};
		F477E1993520D2959D024395 /* Build configuration list for PBXNativeTarget "app_simple_notify_drawing" */ = {
			isa = XCConfigurationList;
			buildConfigurations = (
				33B0C2DFE1587B754A57FC45 /* Debug */,
				C077F3BDC2C556DADBC8F264 /* Release */,
			);
			defaultConfigurationIsVisible = 0;
			defaultConfigurationName = Release;
		};
/* End XCConfigurationList section */
	};
	rootObject = EAB97C32EF3E9E7EBA182F6F /* Project object */;
}
